
Microsoft Visual Studio Solution File, Format Version 12.00
# Visual Studio Version 17
VisualStudioVersion = 17.5.33424.131
MinimumVisualStudioVersion = 10.0.40219.1
Project("{8BC9CEB8-8B4A-11D0-8D11-00A0C91BC942}") = "001_AR47Start", "001_AR47Start\001_AR47Start.vcxproj", "{877BAEC4-E369-4A78-A4F6-BF26F2685DD3}"
EndProject
Project("{8BC9CEB8-8B4A-11D0-8D11-00A0C91BC942}") = "002_Complie", "002_Complie\002_Complie.vcxproj", "{828F4B58-85BA-459B-BA24-AFA701665FD6}"
EndProject
Project("{8BC9CEB8-8B4A-11D0-8D11-00A0C91BC942}") = "003_MainFunction", "003_MainFunction\003_MainFunction.vcxproj", "{912E7108-DB99-4659-9053-F0EF3F056F75}"
EndProject
Project("{8BC9CEB8-8B4A-11D0-8D11-00A0C91BC942}") = "004_Var", "004_Var\004_Var.vcxproj", "{F84A60A6-0CDF-475A-80C6-79CD1075C816}"
EndProject
Project("{8BC9CEB8-8B4A-11D0-8D11-00A0C91BC942}") = "005_Operator_000", "005_Operator_000\005_Operator_000.vcxproj", "{1CFA0C78-6D22-4E0F-B4D7-37A989BE6A52}"
EndProject
Project("{8BC9CEB8-8B4A-11D0-8D11-00A0C91BC942}") = "006_InitOrCopy", "006_InitOrCopy\006_InitOrCopy.vcxproj", "{818CE181-3F4D-4169-82D6-FDAF3BA70711}"
EndProject
Project("{8BC9CEB8-8B4A-11D0-8D11-00A0C91BC942}") = "008_Bit", "008_Bit\008_Bit.vcxproj", "{6509A367-2DF0-4423-99EF-848DEE65638C}"
EndProject
Project("{8BC9CEB8-8B4A-11D0-8D11-00A0C91BC942}") = "007_Operator_001", "007_Operator_001\007_Operator_001.vcxproj", "{026D316D-90FB-4C9E-9836-7C0CCF529A36}"
EndProject
Project("{8BC9CEB8-8B4A-11D0-8D11-00A0C91BC942}") = "010_Operator002", "009_Operator003\009_Operator003.vcxproj", "{F4FACEFE-E84E-4107-AC46-8432AC7D3C60}"
EndProject
Project("{8BC9CEB8-8B4A-11D0-8D11-00A0C91BC942}") = "011__Operator003", "010__Operator003\010__Operator003.vcxproj", "{C1B14F75-CDB2-4A19-9D1E-B526AC91A1D9}"
EndProject
Project("{8BC9CEB8-8B4A-11D0-8D11-00A0C91BC942}") = "012_FunctionAndMemory", "012_FunctionAndMemory\012_FunctionAndMemory.vcxproj", "{76DB9076-40C5-4A6A-9DCF-C5D77409E7F0}"
EndProject
Project("{8BC9CEB8-8B4A-11D0-8D11-00A0C91BC942}") = "013_Function", "013_Function\013_Function.vcxproj", "{97307C43-34DB-4C81-ADC6-4CFBFC370D23}"
EndProject
Project("{8BC9CEB8-8B4A-11D0-8D11-00A0C91BC942}") = "009_Semicolon", "009_Semicolon\009_Semicolon.vcxproj", "{20E86AEA-CE85-450F-B532-759D1B51B21E}"
EndProject
Project("{2150E333-8FDC-42A3-9474-1A3956D46DE8}") = "DOC", "DOC", "{5C8587B4-88A3-4251-8195-0A69D63F3BED}"
	ProjectSection(SolutionItems) = preProject
		메모리영역.txt = 메모리영역.txt
		용어설명.txt = 용어설명.txt
	EndProjectSection
EndProject
Project("{8BC9CEB8-8B4A-11D0-8D11-00A0C91BC942}") = "014_Unsigned", "014_Unsigned\014_Unsigned.vcxproj", "{2183BE3A-91AA-4771-BD8C-D3B7F02B8E31}"
EndProject
Project("{8BC9CEB8-8B4A-11D0-8D11-00A0C91BC942}") = "015_character", "015_character\015_character.vcxproj", "{98D4B7DD-21C5-4469-B335-454ADEA3EBBB}"
EndProject
Project("{8BC9CEB8-8B4A-11D0-8D11-00A0C91BC942}") = "016_ArrayToString", "016_ArrayToString\016_ArrayToString.vcxproj", "{D622B1D8-2C22-481E-A9C0-BC5811D3BBC6}"
EndProject
Project("{8BC9CEB8-8B4A-11D0-8D11-00A0C91BC942}") = "017_Printf", "017_Printf\017_Printf.vcxproj", "{B9461D35-5817-45F9-8EA5-371D33CC72E0}"
EndProject
Project("{8BC9CEB8-8B4A-11D0-8D11-00A0C91BC942}") = "018_Const", "018_Const\018_Const.vcxproj", "{C933B67E-B33C-4D6F-A8D2-BE2783A05231}"
EndProject
Project("{8BC9CEB8-8B4A-11D0-8D11-00A0C91BC942}") = "019_Inline001", "019_Inline\019_Inline.vcxproj", "{6D0E7CD2-408C-4D88-BF40-7875AA1714DF}"
EndProject
Global
	GlobalSection(SolutionConfigurationPlatforms) = preSolution
		Debug|x64 = Debug|x64
		Debug|x86 = Debug|x86
		Release|x64 = Release|x64
		Release|x86 = Release|x86
	EndGlobalSection
	GlobalSection(ProjectConfigurationPlatforms) = postSolution
		{877BAEC4-E369-4A78-A4F6-BF26F2685DD3}.Debug|x64.ActiveCfg = Debug|x64
		{877BAEC4-E369-4A78-A4F6-BF26F2685DD3}.Debug|x64.Build.0 = Debug|x64
		{877BAEC4-E369-4A78-A4F6-BF26F2685DD3}.Debug|x86.ActiveCfg = Debug|Win32
		{877BAEC4-E369-4A78-A4F6-BF26F2685DD3}.Debug|x86.Build.0 = Debug|Win32
		{877BAEC4-E369-4A78-A4F6-BF26F2685DD3}.Release|x64.ActiveCfg = Release|x64
		{877BAEC4-E369-4A78-A4F6-BF26F2685DD3}.Release|x64.Build.0 = Release|x64
		{877BAEC4-E369-4A78-A4F6-BF26F2685DD3}.Release|x86.ActiveCfg = Release|Win32
		{877BAEC4-E369-4A78-A4F6-BF26F2685DD3}.Release|x86.Build.0 = Release|Win32
		{828F4B58-85BA-459B-BA24-AFA701665FD6}.Debug|x64.ActiveCfg = Debug|x64
		{828F4B58-85BA-459B-BA24-AFA701665FD6}.Debug|x64.Build.0 = Debug|x64
		{828F4B58-85BA-459B-BA24-AFA701665FD6}.Debug|x86.ActiveCfg = Debug|Win32
		{828F4B58-85BA-459B-BA24-AFA701665FD6}.Debug|x86.Build.0 = Debug|Win32
		{828F4B58-85BA-459B-BA24-AFA701665FD6}.Release|x64.ActiveCfg = Release|x64
		{828F4B58-85BA-459B-BA24-AFA701665FD6}.Release|x64.Build.0 = Release|x64
		{828F4B58-85BA-459B-BA24-AFA701665FD6}.Release|x86.ActiveCfg = Release|Win32
		{828F4B58-85BA-459B-BA24-AFA701665FD6}.Release|x86.Build.0 = Release|Win32
		{912E7108-DB99-4659-9053-F0EF3F056F75}.Debug|x64.ActiveCfg = Debug|x64
		{912E7108-DB99-4659-9053-F0EF3F056F75}.Debug|x64.Build.0 = Debug|x64
		{912E7108-DB99-4659-9053-F0EF3F056F75}.Debug|x86.ActiveCfg = Debug|Win32
		{912E7108-DB99-4659-9053-F0EF3F056F75}.Debug|x86.Build.0 = Debug|Win32
		{912E7108-DB99-4659-9053-F0EF3F056F75}.Release|x64.ActiveCfg = Release|x64
		{912E7108-DB99-4659-9053-F0EF3F056F75}.Release|x64.Build.0 = Release|x64
		{912E7108-DB99-4659-9053-F0EF3F056F75}.Release|x86.ActiveCfg = Release|Win32
		{912E7108-DB99-4659-9053-F0EF3F056F75}.Release|x86.Build.0 = Release|Win32
		{F84A60A6-0CDF-475A-80C6-79CD1075C816}.Debug|x64.ActiveCfg = Debug|x64
		{F84A60A6-0CDF-475A-80C6-79CD1075C816}.Debug|x64.Build.0 = Debug|x64
		{F84A60A6-0CDF-475A-80C6-79CD1075C816}.Debug|x86.ActiveCfg = Debug|Win32
		{F84A60A6-0CDF-475A-80C6-79CD1075C816}.Debug|x86.Build.0 = Debug|Win32
		{F84A60A6-0CDF-475A-80C6-79CD1075C816}.Release|x64.ActiveCfg = Release|x64
		{F84A60A6-0CDF-475A-80C6-79CD1075C816}.Release|x64.Build.0 = Release|x64
		{F84A60A6-0CDF-475A-80C6-79CD1075C816}.Release|x86.ActiveCfg = Release|Win32
		{F84A60A6-0CDF-475A-80C6-79CD1075C816}.Release|x86.Build.0 = Release|Win32
		{1CFA0C78-6D22-4E0F-B4D7-37A989BE6A52}.Debug|x64.ActiveCfg = Debug|x64
		{1CFA0C78-6D22-4E0F-B4D7-37A989BE6A52}.Debug|x64.Build.0 = Debug|x64
		{1CFA0C78-6D22-4E0F-B4D7-37A989BE6A52}.Debug|x86.ActiveCfg = Debug|Win32
		{1CFA0C78-6D22-4E0F-B4D7-37A989BE6A52}.Debug|x86.Build.0 = Debug|Win32
		{1CFA0C78-6D22-4E0F-B4D7-37A989BE6A52}.Release|x64.ActiveCfg = Release|x64
		{1CFA0C78-6D22-4E0F-B4D7-37A989BE6A52}.Release|x64.Build.0 = Release|x64
		{1CFA0C78-6D22-4E0F-B4D7-37A989BE6A52}.Release|x86.ActiveCfg = Release|Win32
		{1CFA0C78-6D22-4E0F-B4D7-37A989BE6A52}.Release|x86.Build.0 = Release|Win32
		{818CE181-3F4D-4169-82D6-FDAF3BA70711}.Debug|x64.ActiveCfg = Debug|x64
		{818CE181-3F4D-4169-82D6-FDAF3BA70711}.Debug|x64.Build.0 = Debug|x64
		{818CE181-3F4D-4169-82D6-FDAF3BA70711}.Debug|x86.ActiveCfg = Debug|Win32
		{818CE181-3F4D-4169-82D6-FDAF3BA70711}.Debug|x86.Build.0 = Debug|Win32
		{818CE181-3F4D-4169-82D6-FDAF3BA70711}.Release|x64.ActiveCfg = Release|x64
		{818CE181-3F4D-4169-82D6-FDAF3BA70711}.Release|x64.Build.0 = Release|x64
		{818CE181-3F4D-4169-82D6-FDAF3BA70711}.Release|x86.ActiveCfg = Release|Win32
		{818CE181-3F4D-4169-82D6-FDAF3BA70711}.Release|x86.Build.0 = Release|Win32
		{6509A367-2DF0-4423-99EF-848DEE65638C}.Debug|x64.ActiveCfg = Debug|x64
		{6509A367-2DF0-4423-99EF-848DEE65638C}.Debug|x64.Build.0 = Debug|x64
		{6509A367-2DF0-4423-99EF-848DEE65638C}.Debug|x86.ActiveCfg = Debug|Win32
		{6509A367-2DF0-4423-99EF-848DEE65638C}.Debug|x86.Build.0 = Debug|Win32
		{6509A367-2DF0-4423-99EF-848DEE65638C}.Release|x64.ActiveCfg = Release|x64
		{6509A367-2DF0-4423-99EF-848DEE65638C}.Release|x64.Build.0 = Release|x64
		{6509A367-2DF0-4423-99EF-848DEE65638C}.Release|x86.ActiveCfg = Release|Win32
		{6509A367-2DF0-4423-99EF-848DEE65638C}.Release|x86.Build.0 = Release|Win32
		{026D316D-90FB-4C9E-9836-7C0CCF529A36}.Debug|x64.ActiveCfg = Debug|x64
		{026D316D-90FB-4C9E-9836-7C0CCF529A36}.Debug|x64.Build.0 = Debug|x64
		{026D316D-90FB-4C9E-9836-7C0CCF529A36}.Debug|x86.ActiveCfg = Debug|Win32
		{026D316D-90FB-4C9E-9836-7C0CCF529A36}.Debug|x86.Build.0 = Debug|Win32
		{026D316D-90FB-4C9E-9836-7C0CCF529A36}.Release|x64.ActiveCfg = Release|x64
		{026D316D-90FB-4C9E-9836-7C0CCF529A36}.Release|x64.Build.0 = Release|x64
		{026D316D-90FB-4C9E-9836-7C0CCF529A36}.Release|x86.ActiveCfg = Release|Win32
		{026D316D-90FB-4C9E-9836-7C0CCF529A36}.Release|x86.Build.0 = Release|Win32
		{F4FACEFE-E84E-4107-AC46-8432AC7D3C60}.Debug|x64.ActiveCfg = Debug|x64
		{F4FACEFE-E84E-4107-AC46-8432AC7D3C60}.Debug|x64.Build.0 = Debug|x64
		{F4FACEFE-E84E-4107-AC46-8432AC7D3C60}.Debug|x86.ActiveCfg = Debug|Win32
		{F4FACEFE-E84E-4107-AC46-8432AC7D3C60}.Debug|x86.Build.0 = Debug|Win32
		{F4FACEFE-E84E-4107-AC46-8432AC7D3C60}.Release|x64.ActiveCfg = Release|x64
		{F4FACEFE-E84E-4107-AC46-8432AC7D3C60}.Release|x64.Build.0 = Release|x64
		{F4FACEFE-E84E-4107-AC46-8432AC7D3C60}.Release|x86.ActiveCfg = Release|Win32
		{F4FACEFE-E84E-4107-AC46-8432AC7D3C60}.Release|x86.Build.0 = Release|Win32
		{C1B14F75-CDB2-4A19-9D1E-B526AC91A1D9}.Debug|x64.ActiveCfg = Debug|x64
		{C1B14F75-CDB2-4A19-9D1E-B526AC91A1D9}.Debug|x64.Build.0 = Debug|x64
		{C1B14F75-CDB2-4A19-9D1E-B526AC91A1D9}.Debug|x86.ActiveCfg = Debug|Win32
		{C1B14F75-CDB2-4A19-9D1E-B526AC91A1D9}.Debug|x86.Build.0 = Debug|Win32
		{C1B14F75-CDB2-4A19-9D1E-B526AC91A1D9}.Release|x64.ActiveCfg = Release|x64
		{C1B14F75-CDB2-4A19-9D1E-B526AC91A1D9}.Release|x64.Build.0 = Release|x64
		{C1B14F75-CDB2-4A19-9D1E-B526AC91A1D9}.Release|x86.ActiveCfg = Release|Win32
		{C1B14F75-CDB2-4A19-9D1E-B526AC91A1D9}.Release|x86.Build.0 = Release|Win32
		{76DB9076-40C5-4A6A-9DCF-C5D77409E7F0}.Debug|x64.ActiveCfg = Debug|x64
		{76DB9076-40C5-4A6A-9DCF-C5D77409E7F0}.Debug|x64.Build.0 = Debug|x64
		{76DB9076-40C5-4A6A-9DCF-C5D77409E7F0}.Debug|x86.ActiveCfg = Debug|Win32
		{76DB9076-40C5-4A6A-9DCF-C5D77409E7F0}.Debug|x86.Build.0 = Debug|Win32
		{76DB9076-40C5-4A6A-9DCF-C5D77409E7F0}.Release|x64.ActiveCfg = Release|x64
		{76DB9076-40C5-4A6A-9DCF-C5D77409E7F0}.Release|x64.Build.0 = Release|x64
		{76DB9076-40C5-4A6A-9DCF-C5D77409E7F0}.Release|x86.ActiveCfg = Release|Win32
		{76DB9076-40C5-4A6A-9DCF-C5D77409E7F0}.Release|x86.Build.0 = Release|Win32
		{97307C43-34DB-4C81-ADC6-4CFBFC370D23}.Debug|x64.ActiveCfg = Debug|x64
		{97307C43-34DB-4C81-ADC6-4CFBFC370D23}.Debug|x64.Build.0 = Debug|x64
		{97307C43-34DB-4C81-ADC6-4CFBFC370D23}.Debug|x86.ActiveCfg = Debug|Win32
		{97307C43-34DB-4C81-ADC6-4CFBFC370D23}.Debug|x86.Build.0 = Debug|Win32
		{97307C43-34DB-4C81-ADC6-4CFBFC370D23}.Release|x64.ActiveCfg = Release|x64
		{97307C43-34DB-4C81-ADC6-4CFBFC370D23}.Release|x64.Build.0 = Release|x64
		{97307C43-34DB-4C81-ADC6-4CFBFC370D23}.Release|x86.ActiveCfg = Release|Win32
		{97307C43-34DB-4C81-ADC6-4CFBFC370D23}.Release|x86.Build.0 = Release|Win32
		{20E86AEA-CE85-450F-B532-759D1B51B21E}.Debug|x64.ActiveCfg = Debug|x64
		{20E86AEA-CE85-450F-B532-759D1B51B21E}.Debug|x64.Build.0 = Debug|x64
		{20E86AEA-CE85-450F-B532-759D1B51B21E}.Debug|x86.ActiveCfg = Debug|Win32
		{20E86AEA-CE85-450F-B532-759D1B51B21E}.Debug|x86.Build.0 = Debug|Win32
		{20E86AEA-CE85-450F-B532-759D1B51B21E}.Release|x64.ActiveCfg = Release|x64
		{20E86AEA-CE85-450F-B532-759D1B51B21E}.Release|x64.Build.0 = Release|x64
		{20E86AEA-CE85-450F-B532-759D1B51B21E}.Release|x86.ActiveCfg = Release|Win32
		{20E86AEA-CE85-450F-B532-759D1B51B21E}.Release|x86.Build.0 = Release|Win32
		{2183BE3A-91AA-4771-BD8C-D3B7F02B8E31}.Debug|x64.ActiveCfg = Debug|x64
		{2183BE3A-91AA-4771-BD8C-D3B7F02B8E31}.Debug|x64.Build.0 = Debug|x64
		{2183BE3A-91AA-4771-BD8C-D3B7F02B8E31}.Debug|x86.ActiveCfg = Debug|Win32
		{2183BE3A-91AA-4771-BD8C-D3B7F02B8E31}.Debug|x86.Build.0 = Debug|Win32
		{2183BE3A-91AA-4771-BD8C-D3B7F02B8E31}.Release|x64.ActiveCfg = Release|x64
		{2183BE3A-91AA-4771-BD8C-D3B7F02B8E31}.Release|x64.Build.0 = Release|x64
		{2183BE3A-91AA-4771-BD8C-D3B7F02B8E31}.Release|x86.ActiveCfg = Release|Win32
		{2183BE3A-91AA-4771-BD8C-D3B7F02B8E31}.Release|x86.Build.0 = Release|Win32
		{98D4B7DD-21C5-4469-B335-454ADEA3EBBB}.Debug|x64.ActiveCfg = Debug|x64
		{98D4B7DD-21C5-4469-B335-454ADEA3EBBB}.Debug|x64.Build.0 = Debug|x64
		{98D4B7DD-21C5-4469-B335-454ADEA3EBBB}.Debug|x86.ActiveCfg = Debug|Win32
		{98D4B7DD-21C5-4469-B335-454ADEA3EBBB}.Debug|x86.Build.0 = Debug|Win32
		{98D4B7DD-21C5-4469-B335-454ADEA3EBBB}.Release|x64.ActiveCfg = Release|x64
		{98D4B7DD-21C5-4469-B335-454ADEA3EBBB}.Release|x64.Build.0 = Release|x64
		{98D4B7DD-21C5-4469-B335-454ADEA3EBBB}.Release|x86.ActiveCfg = Release|Win32
		{98D4B7DD-21C5-4469-B335-454ADEA3EBBB}.Release|x86.Build.0 = Release|Win32
		{D622B1D8-2C22-481E-A9C0-BC5811D3BBC6}.Debug|x64.ActiveCfg = Debug|x64
		{D622B1D8-2C22-481E-A9C0-BC5811D3BBC6}.Debug|x64.Build.0 = Debug|x64
		{D622B1D8-2C22-481E-A9C0-BC5811D3BBC6}.Debug|x86.ActiveCfg = Debug|Win32
		{D622B1D8-2C22-481E-A9C0-BC5811D3BBC6}.Debug|x86.Build.0 = Debug|Win32
		{D622B1D8-2C22-481E-A9C0-BC5811D3BBC6}.Release|x64.ActiveCfg = Release|x64
		{D622B1D8-2C22-481E-A9C0-BC5811D3BBC6}.Release|x64.Build.0 = Release|x64
		{D622B1D8-2C22-481E-A9C0-BC5811D3BBC6}.Release|x86.ActiveCfg = Release|Win32
		{D622B1D8-2C22-481E-A9C0-BC5811D3BBC6}.Release|x86.Build.0 = Release|Win32
		{B9461D35-5817-45F9-8EA5-371D33CC72E0}.Debug|x64.ActiveCfg = Debug|x64
		{B9461D35-5817-45F9-8EA5-371D33CC72E0}.Debug|x64.Build.0 = Debug|x64
		{B9461D35-5817-45F9-8EA5-371D33CC72E0}.Debug|x86.ActiveCfg = Debug|Win32
		{B9461D35-5817-45F9-8EA5-371D33CC72E0}.Debug|x86.Build.0 = Debug|Win32
		{B9461D35-5817-45F9-8EA5-371D33CC72E0}.Release|x64.ActiveCfg = Release|x64
		{B9461D35-5817-45F9-8EA5-371D33CC72E0}.Release|x64.Build.0 = Release|x64
		{B9461D35-5817-45F9-8EA5-371D33CC72E0}.Release|x86.ActiveCfg = Release|Win32
		{B9461D35-5817-45F9-8EA5-371D33CC72E0}.Release|x86.Build.0 = Release|Win32
		{C933B67E-B33C-4D6F-A8D2-BE2783A05231}.Debug|x64.ActiveCfg = Debug|x64
		{C933B67E-B33C-4D6F-A8D2-BE2783A05231}.Debug|x64.Build.0 = Debug|x64
		{C933B67E-B33C-4D6F-A8D2-BE2783A05231}.Debug|x86.ActiveCfg = Debug|Win32
		{C933B67E-B33C-4D6F-A8D2-BE2783A05231}.Debug|x86.Build.0 = Debug|Win32
		{C933B67E-B33C-4D6F-A8D2-BE2783A05231}.Release|x64.ActiveCfg = Release|x64
		{C933B67E-B33C-4D6F-A8D2-BE2783A05231}.Release|x64.Build.0 = Release|x64
		{C933B67E-B33C-4D6F-A8D2-BE2783A05231}.Release|x86.ActiveCfg = Release|Win32
		{C933B67E-B33C-4D6F-A8D2-BE2783A05231}.Release|x86.Build.0 = Release|Win32
		{6D0E7CD2-408C-4D88-BF40-7875AA1714DF}.Debug|x64.ActiveCfg = Debug|x64
		{6D0E7CD2-408C-4D88-BF40-7875AA1714DF}.Debug|x64.Build.0 = Debug|x64
		{6D0E7CD2-408C-4D88-BF40-7875AA1714DF}.Debug|x86.ActiveCfg = Debug|Win32
		{6D0E7CD2-408C-4D88-BF40-7875AA1714DF}.Debug|x86.Build.0 = Debug|Win32
		{6D0E7CD2-408C-4D88-BF40-7875AA1714DF}.Release|x64.ActiveCfg = Release|x64
		{6D0E7CD2-408C-4D88-BF40-7875AA1714DF}.Release|x64.Build.0 = Release|x64
		{6D0E7CD2-408C-4D88-BF40-7875AA1714DF}.Release|x86.ActiveCfg = Release|Win32
		{6D0E7CD2-408C-4D88-BF40-7875AA1714DF}.Release|x86.Build.0 = Release|Win32
	EndGlobalSection
	GlobalSection(SolutionProperties) = preSolution
		HideSolutionNode = FALSE
	EndGlobalSection
	GlobalSection(ExtensibilityGlobals) = postSolution
		SolutionGuid = {93425AA6-7531-4F68-BD10-3D0E5DD8629B}
	EndGlobalSection
EndGlobal
