
Microsoft Visual Studio Solution File, Format Version 12.00
# Visual Studio Version 17
VisualStudioVersion = 17.5.33424.131
MinimumVisualStudioVersion = 10.0.40219.1
Project("{8BC9CEB8-8B4A-11D0-8D11-00A0C91BC942}") = "001_AR47Start", "001_AR47Start\001_AR47Start.vcxproj", "{877BAEC4-E369-4A78-A4F6-BF26F2685DD3}"
EndProject
Project("{8BC9CEB8-8B4A-11D0-8D11-00A0C91BC942}") = "002_Complie", "002_Complie\002_Complie.vcxproj", "{828F4B58-85BA-459B-BA24-AFA701665FD6}"
EndProject
Project("{8BC9CEB8-8B4A-11D0-8D11-00A0C91BC942}") = "003_MainFunction", "003_MainFunction\003_MainFunction.vcxproj", "{912E7108-DB99-4659-9053-F0EF3F056F75}"
EndProject
Project("{8BC9CEB8-8B4A-11D0-8D11-00A0C91BC942}") = "004_Var", "004_Var\004_Var.vcxproj", "{F84A60A6-0CDF-475A-80C6-79CD1075C816}"
EndProject
Project("{8BC9CEB8-8B4A-11D0-8D11-00A0C91BC942}") = "005_Operator_000", "005_Operator_000\005_Operator_000.vcxproj", "{3FD8438A-BC0B-4AC7-A418-3DE8CE3795B3}"
EndProject
Project("{8BC9CEB8-8B4A-11D0-8D11-00A0C91BC942}") = "006_InitOrCopy", "006_InitOrCopy\006_InitOrCopy.vcxproj", "{6B274E7A-0576-4036-AC4A-5AB2A40321D5}"
EndProject
Project("{8BC9CEB8-8B4A-11D0-8D11-00A0C91BC942}") = "007_Operator001", "007_Operator001\007_Operator001.vcxproj", "{981858C4-43BB-4E17-A632-4D2AD79B6B98}"
EndProject
Global
	GlobalSection(SolutionConfigurationPlatforms) = preSolution
		Debug|x64 = Debug|x64
		Debug|x86 = Debug|x86
		Release|x64 = Release|x64
		Release|x86 = Release|x86
	EndGlobalSection
	GlobalSection(ProjectConfigurationPlatforms) = postSolution
		{877BAEC4-E369-4A78-A4F6-BF26F2685DD3}.Debug|x64.ActiveCfg = Debug|x64
		{877BAEC4-E369-4A78-A4F6-BF26F2685DD3}.Debug|x64.Build.0 = Debug|x64
		{877BAEC4-E369-4A78-A4F6-BF26F2685DD3}.Debug|x86.ActiveCfg = Debug|Win32
		{877BAEC4-E369-4A78-A4F6-BF26F2685DD3}.Debug|x86.Build.0 = Debug|Win32
		{877BAEC4-E369-4A78-A4F6-BF26F2685DD3}.Release|x64.ActiveCfg = Release|x64
		{877BAEC4-E369-4A78-A4F6-BF26F2685DD3}.Release|x64.Build.0 = Release|x64
		{877BAEC4-E369-4A78-A4F6-BF26F2685DD3}.Release|x86.ActiveCfg = Release|Win32
		{877BAEC4-E369-4A78-A4F6-BF26F2685DD3}.Release|x86.Build.0 = Release|Win32
		{828F4B58-85BA-459B-BA24-AFA701665FD6}.Debug|x64.ActiveCfg = Debug|x64
		{828F4B58-85BA-459B-BA24-AFA701665FD6}.Debug|x64.Build.0 = Debug|x64
		{828F4B58-85BA-459B-BA24-AFA701665FD6}.Debug|x86.ActiveCfg = Debug|Win32
		{828F4B58-85BA-459B-BA24-AFA701665FD6}.Debug|x86.Build.0 = Debug|Win32
		{828F4B58-85BA-459B-BA24-AFA701665FD6}.Release|x64.ActiveCfg = Release|x64
		{828F4B58-85BA-459B-BA24-AFA701665FD6}.Release|x64.Build.0 = Release|x64
		{828F4B58-85BA-459B-BA24-AFA701665FD6}.Release|x86.ActiveCfg = Release|Win32
		{828F4B58-85BA-459B-BA24-AFA701665FD6}.Release|x86.Build.0 = Release|Win32
		{912E7108-DB99-4659-9053-F0EF3F056F75}.Debug|x64.ActiveCfg = Debug|x64
		{912E7108-DB99-4659-9053-F0EF3F056F75}.Debug|x64.Build.0 = Debug|x64
		{912E7108-DB99-4659-9053-F0EF3F056F75}.Debug|x86.ActiveCfg = Debug|Win32
		{912E7108-DB99-4659-9053-F0EF3F056F75}.Debug|x86.Build.0 = Debug|Win32
		{912E7108-DB99-4659-9053-F0EF3F056F75}.Release|x64.ActiveCfg = Release|x64
		{912E7108-DB99-4659-9053-F0EF3F056F75}.Release|x64.Build.0 = Release|x64
		{912E7108-DB99-4659-9053-F0EF3F056F75}.Release|x86.ActiveCfg = Release|Win32
		{912E7108-DB99-4659-9053-F0EF3F056F75}.Release|x86.Build.0 = Release|Win32
		{F84A60A6-0CDF-475A-80C6-79CD1075C816}.Debug|x64.ActiveCfg = Debug|x64
		{F84A60A6-0CDF-475A-80C6-79CD1075C816}.Debug|x64.Build.0 = Debug|x64
		{F84A60A6-0CDF-475A-80C6-79CD1075C816}.Debug|x86.ActiveCfg = Debug|Win32
		{F84A60A6-0CDF-475A-80C6-79CD1075C816}.Debug|x86.Build.0 = Debug|Win32
		{F84A60A6-0CDF-475A-80C6-79CD1075C816}.Release|x64.ActiveCfg = Release|x64
		{F84A60A6-0CDF-475A-80C6-79CD1075C816}.Release|x64.Build.0 = Release|x64
		{F84A60A6-0CDF-475A-80C6-79CD1075C816}.Release|x86.ActiveCfg = Release|Win32
		{F84A60A6-0CDF-475A-80C6-79CD1075C816}.Release|x86.Build.0 = Release|Win32
		{3FD8438A-BC0B-4AC7-A418-3DE8CE3795B3}.Debug|x64.ActiveCfg = Debug|x64
		{3FD8438A-BC0B-4AC7-A418-3DE8CE3795B3}.Debug|x64.Build.0 = Debug|x64
		{3FD8438A-BC0B-4AC7-A418-3DE8CE3795B3}.Debug|x86.ActiveCfg = Debug|Win32
		{3FD8438A-BC0B-4AC7-A418-3DE8CE3795B3}.Debug|x86.Build.0 = Debug|Win32
		{3FD8438A-BC0B-4AC7-A418-3DE8CE3795B3}.Release|x64.ActiveCfg = Release|x64
		{3FD8438A-BC0B-4AC7-A418-3DE8CE3795B3}.Release|x64.Build.0 = Release|x64
		{3FD8438A-BC0B-4AC7-A418-3DE8CE3795B3}.Release|x86.ActiveCfg = Release|Win32
		{3FD8438A-BC0B-4AC7-A418-3DE8CE3795B3}.Release|x86.Build.0 = Release|Win32
		{6B274E7A-0576-4036-AC4A-5AB2A40321D5}.Debug|x64.ActiveCfg = Debug|x64
		{6B274E7A-0576-4036-AC4A-5AB2A40321D5}.Debug|x64.Build.0 = Debug|x64
		{6B274E7A-0576-4036-AC4A-5AB2A40321D5}.Debug|x86.ActiveCfg = Debug|Win32
		{6B274E7A-0576-4036-AC4A-5AB2A40321D5}.Debug|x86.Build.0 = Debug|Win32
		{6B274E7A-0576-4036-AC4A-5AB2A40321D5}.Release|x64.ActiveCfg = Release|x64
		{6B274E7A-0576-4036-AC4A-5AB2A40321D5}.Release|x64.Build.0 = Release|x64
		{6B274E7A-0576-4036-AC4A-5AB2A40321D5}.Release|x86.ActiveCfg = Release|Win32
		{6B274E7A-0576-4036-AC4A-5AB2A40321D5}.Release|x86.Build.0 = Release|Win32
		{981858C4-43BB-4E17-A632-4D2AD79B6B98}.Debug|x64.ActiveCfg = Debug|x64
		{981858C4-43BB-4E17-A632-4D2AD79B6B98}.Debug|x64.Build.0 = Debug|x64
		{981858C4-43BB-4E17-A632-4D2AD79B6B98}.Debug|x86.ActiveCfg = Debug|Win32
		{981858C4-43BB-4E17-A632-4D2AD79B6B98}.Debug|x86.Build.0 = Debug|Win32
		{981858C4-43BB-4E17-A632-4D2AD79B6B98}.Release|x64.ActiveCfg = Release|x64
		{981858C4-43BB-4E17-A632-4D2AD79B6B98}.Release|x64.Build.0 = Release|x64
		{981858C4-43BB-4E17-A632-4D2AD79B6B98}.Release|x86.ActiveCfg = Release|Win32
		{981858C4-43BB-4E17-A632-4D2AD79B6B98}.Release|x86.Build.0 = Release|Win32
	EndGlobalSection
	GlobalSection(SolutionProperties) = preSolution
		HideSolutionNode = FALSE
	EndGlobalSection
	GlobalSection(ExtensibilityGlobals) = postSolution
		SolutionGuid = {93425AA6-7531-4F68-BD10-3D0E5DD8629B}
	EndGlobalSection
EndGlobal
