
Microsoft Visual Studio Solution File, Format Version 12.00
# Visual Studio Version 17
VisualStudioVersion = 17.5.33424.131
MinimumVisualStudioVersion = 10.0.40219.1
Project("{8BC9CEB8-8B4A-11D0-8D11-00A0C91BC942}") = "001_AR47Start", "001_AR47Start\001_AR47Start.vcxproj", "{877BAEC4-E369-4A78-A4F6-BF26F2685DD3}"
EndProject
Project("{8BC9CEB8-8B4A-11D0-8D11-00A0C91BC942}") = "002_Complie", "002_Complie\002_Complie.vcxproj", "{828F4B58-85BA-459B-BA24-AFA701665FD6}"
EndProject
Project("{8BC9CEB8-8B4A-11D0-8D11-00A0C91BC942}") = "003_MainFunction", "003_MainFunction\003_MainFunction.vcxproj", "{912E7108-DB99-4659-9053-F0EF3F056F75}"
EndProject
Project("{8BC9CEB8-8B4A-11D0-8D11-00A0C91BC942}") = "004_Var", "004_Var\004_Var.vcxproj", "{F84A60A6-0CDF-475A-80C6-79CD1075C816}"
EndProject
Project("{8BC9CEB8-8B4A-11D0-8D11-00A0C91BC942}") = "005_Operator_000", "005_Operator_000\005_Operator_000.vcxproj", "{1CFA0C78-6D22-4E0F-B4D7-37A989BE6A52}"
EndProject
Project("{8BC9CEB8-8B4A-11D0-8D11-00A0C91BC942}") = "006_InitOrCopy", "006_InitOrCopy\006_InitOrCopy.vcxproj", "{818CE181-3F4D-4169-82D6-FDAF3BA70711}"
EndProject
Project("{8BC9CEB8-8B4A-11D0-8D11-00A0C91BC942}") = "008_Bit", "008_Bit\008_Bit.vcxproj", "{6509A367-2DF0-4423-99EF-848DEE65638C}"
EndProject
Project("{8BC9CEB8-8B4A-11D0-8D11-00A0C91BC942}") = "007_Operator_001", "007_Operator_001\007_Operator_001.vcxproj", "{026D316D-90FB-4C9E-9836-7C0CCF529A36}"
EndProject
Project("{8BC9CEB8-8B4A-11D0-8D11-00A0C91BC942}") = "012_FunctionAndMemory", "012_FunctionAndMemory\012_FunctionAndMemory.vcxproj", "{76DB9076-40C5-4A6A-9DCF-C5D77409E7F0}"
EndProject
Project("{8BC9CEB8-8B4A-11D0-8D11-00A0C91BC942}") = "013_Function", "013_Function\013_Function.vcxproj", "{97307C43-34DB-4C81-ADC6-4CFBFC370D23}"
EndProject
Project("{8BC9CEB8-8B4A-11D0-8D11-00A0C91BC942}") = "009_Semicolon", "009_Semicolon\009_Semicolon.vcxproj", "{20E86AEA-CE85-450F-B532-759D1B51B21E}"
EndProject
Project("{2150E333-8FDC-42A3-9474-1A3956D46DE8}") = "DOC", "DOC", "{5C8587B4-88A3-4251-8195-0A69D63F3BED}"
	ProjectSection(SolutionItems) = preProject
		객체지향.txt = 객체지향.txt
		단축키.txt = 단축키.txt
		메모리영역.txt = 메모리영역.txt
		용어설명.txt = 용어설명.txt
	EndProjectSection
EndProject
Project("{8BC9CEB8-8B4A-11D0-8D11-00A0C91BC942}") = "014_Unsigned", "014_Unsigned\014_Unsigned.vcxproj", "{2183BE3A-91AA-4771-BD8C-D3B7F02B8E31}"
EndProject
Project("{8BC9CEB8-8B4A-11D0-8D11-00A0C91BC942}") = "015_character", "015_character\015_character.vcxproj", "{98D4B7DD-21C5-4469-B335-454ADEA3EBBB}"
EndProject
Project("{8BC9CEB8-8B4A-11D0-8D11-00A0C91BC942}") = "016_ArrayToString", "016_ArrayToString\016_ArrayToString.vcxproj", "{D622B1D8-2C22-481E-A9C0-BC5811D3BBC6}"
EndProject
Project("{8BC9CEB8-8B4A-11D0-8D11-00A0C91BC942}") = "017_Printf", "017_Printf\017_Printf.vcxproj", "{B9461D35-5817-45F9-8EA5-371D33CC72E0}"
EndProject
Project("{8BC9CEB8-8B4A-11D0-8D11-00A0C91BC942}") = "018_Const", "018_Const\018_Const.vcxproj", "{C933B67E-B33C-4D6F-A8D2-BE2783A05231}"
EndProject
Project("{8BC9CEB8-8B4A-11D0-8D11-00A0C91BC942}") = "019_Inline001", "019_Inline\019_Inline.vcxproj", "{6D0E7CD2-408C-4D88-BF40-7875AA1714DF}"
EndProject
Project("{8BC9CEB8-8B4A-11D0-8D11-00A0C91BC942}") = "010_Operator002", "010_Operator002\010_Operator002.vcxproj", "{17081DB9-AC66-4D6D-B33E-18A5034E4560}"
EndProject
Project("{8BC9CEB8-8B4A-11D0-8D11-00A0C91BC942}") = "011_Operator003", "011_Operator003\011_Operator003.vcxproj", "{DEF1AC67-B8B6-4B74-8D44-EA3589BDB269}"
EndProject
Project("{8BC9CEB8-8B4A-11D0-8D11-00A0C91BC942}") = "020_Pointer000", "020_Pointer\020_Pointer.vcxproj", "{CAAB67D0-779F-4844-94BA-22DBE76059C1}"
EndProject
Project("{8BC9CEB8-8B4A-11D0-8D11-00A0C91BC942}") = "021_Pointer001", "021_Pointer001\021_Pointer001.vcxproj", "{268EE368-F5A7-44C2-B360-332B9D918E58}"
EndProject
Project("{8BC9CEB8-8B4A-11D0-8D11-00A0C91BC942}") = "023_nullptr", "023_nullptr\023_nullptr.vcxproj", "{D8029EBF-2FBF-4377-8A7D-4A426DC3C68D}"
EndProject
Project("{8BC9CEB8-8B4A-11D0-8D11-00A0C91BC942}") = "022_PointerOperator", "022_PointerOperator\022_PointerOperator.vcxproj", "{EF306348-6DAF-4367-8D12-27A0E398892C}"
EndProject
Project("{8BC9CEB8-8B4A-11D0-8D11-00A0C91BC942}") = "024_Reference", "024_Reference\024_Reference.vcxproj", "{92A5B709-FB9B-4EF4-8F8F-C96FEA8D5D53}"
EndProject
Project("{8BC9CEB8-8B4A-11D0-8D11-00A0C91BC942}") = "025_Const002", "025_Printf001\025_Printf001.vcxproj", "{B1C26752-182B-46FA-B3EC-41FB423999E2}"
EndProject
Project("{8BC9CEB8-8B4A-11D0-8D11-00A0C91BC942}") = "026_TypeChange", "026_TtpeChange\026_TtpeChange.vcxproj", "{BEDFE7B0-B177-41C2-8009-B1C4B3F5321A}"
EndProject
Project("{8BC9CEB8-8B4A-11D0-8D11-00A0C91BC942}") = "027_Printf_s", "027_Printf_s_Create\027_Printf_s_Create.vcxproj", "{AD915C9F-5F75-4915-B9FA-077B9CBA1CAC}"
EndProject
Project("{8BC9CEB8-8B4A-11D0-8D11-00A0C91BC942}") = "028_While", "028_While\028_While.vcxproj", "{A6A9E795-D539-4864-AB28-0C5CBB55FC5D}"
EndProject
Project("{8BC9CEB8-8B4A-11D0-8D11-00A0C91BC942}") = "029_Variableargument", "029_Variableargument\029_Variableargument.vcxproj", "{21897A6E-6833-4683-A8E5-07719A144630}"
EndProject
Project("{8BC9CEB8-8B4A-11D0-8D11-00A0C91BC942}") = "030_PointerOperator000", "030_PointerOperator000\030_PointerOperator000.vcxproj", "{782814D1-93BA-42D7-BC9B-CD9EB3505FEB}"
EndProject
Project("{8BC9CEB8-8B4A-11D0-8D11-00A0C91BC942}") = "031_If", "031_If\031_If.vcxproj", "{E511C1D4-6B42-434F-823F-64003FD950E7}"
EndProject
Project("{8BC9CEB8-8B4A-11D0-8D11-00A0C91BC942}") = "032_Switch", "032_Switch\032_Switch.vcxproj", "{D109EE91-AEF7-4303-8B07-D2AA7BCD35B9}"
EndProject
Project("{8BC9CEB8-8B4A-11D0-8D11-00A0C91BC942}") = "033_MyPrintf", "033_MyPrintf\033_MyPrintf.vcxproj", "{F5593905-7CC6-4556-B19D-D599FF71A91D}"
EndProject
Project("{2150E333-8FDC-42A3-9474-1A3956D46DE8}") = "HomeWork", "HomeWork", "{40A4DC51-4F8F-4BBC-8A30-43EAD63C8E2E}"
EndProject
Project("{8BC9CEB8-8B4A-11D0-8D11-00A0C91BC942}") = "HomeWork0317", "HomeWork0317\HomeWork0317.vcxproj", "{80045A09-9CEF-4144-B67F-65C517D7FC98}"
EndProject
Project("{8BC9CEB8-8B4A-11D0-8D11-00A0C91BC942}") = "StringCount", "StringCount\StringCount.vcxproj", "{6BCFDEAB-AFCD-4E5F-A916-7BA9F0609C24}"
EndProject
Project("{8BC9CEB8-8B4A-11D0-8D11-00A0C91BC942}") = "TrimDelete", "TrimDelete\TrimDelete.vcxproj", "{8F6F8637-1648-455D-B034-AFDC8FE4C8CB}"
EndProject
Project("{8BC9CEB8-8B4A-11D0-8D11-00A0C91BC942}") = "StringToInt", "StringToInt\StringToInt.vcxproj", "{3C73FEDA-605C-4B4C-93E6-C737BD00D05F}"
EndProject
Project("{8BC9CEB8-8B4A-11D0-8D11-00A0C91BC942}") = "034_Random", "034_Random\034_Random.vcxproj", "{E9BFD397-566F-43D2-BF65-106661C05579}"
EndProject
Project("{8BC9CEB8-8B4A-11D0-8D11-00A0C91BC942}") = "035_For", "035_For\035_For.vcxproj", "{6C4992EA-9E2F-4F04-9A6E-B8EC45D1BE13}"
EndProject
Project("{8BC9CEB8-8B4A-11D0-8D11-00A0C91BC942}") = "036_Global", "036_Class\036_Class.vcxproj", "{F652CA22-20BE-4727-99C3-BAE9C152B06F}"
EndProject
Project("{8BC9CEB8-8B4A-11D0-8D11-00A0C91BC942}") = "037_Typedef", "037_Typedef\037_Typedef.vcxproj", "{D3F68CBA-76E2-4609-8496-786996519CE5}"
EndProject
Project("{8BC9CEB8-8B4A-11D0-8D11-00A0C91BC942}") = "038_Class", "038_Class\038_Class.vcxproj", "{A54F29F9-223E-4279-9D68-1FA26EC577FE}"
EndProject
Project("{8BC9CEB8-8B4A-11D0-8D11-00A0C91BC942}") = "039_BreakAndContinue", "039_BreakAndContinue\039_BreakAndContinue.vcxproj", "{3975C29E-8894-49D6-B9E6-88F5B20C5860}"
EndProject
Project("{8BC9CEB8-8B4A-11D0-8D11-00A0C91BC942}") = "040_Class001", "040_Class001\040_Class001.vcxproj", "{EC009B18-6ACB-4F66-ADBB-98F9CB91493F}"
EndProject
Project("{8BC9CEB8-8B4A-11D0-8D11-00A0C91BC942}") = "041_Class002_UserAccess", "041_Class002_UserAccess\041_Class002_UserAccess.vcxproj", "{922AD2CE-FF1E-4F37-8019-99DC41781EB0}"
EndProject
Project("{8BC9CEB8-8B4A-11D0-8D11-00A0C91BC942}") = "042_Class003_Struct", "041_Class003_Struct\041_Class003_Struct.vcxproj", "{BC32C433-FA3F-4B1F-808C-57248FB2C4A7}"
EndProject
Project("{8BC9CEB8-8B4A-11D0-8D11-00A0C91BC942}") = "HomeWork0321", "HomeWork0321\HomeWork0321.vcxproj", "{ED7175C4-FC45-4A49-BF0D-F47532761079}"
EndProject
Project("{8BC9CEB8-8B4A-11D0-8D11-00A0C91BC942}") = "HomeWork0321-2", "HomeWork0321-2\HomeWork0321-2.vcxproj", "{230A8811-7B77-4178-9F5B-EBEB508C71C4}"
EndProject
Project("{8BC9CEB8-8B4A-11D0-8D11-00A0C91BC942}") = "043_Arr2d", "043_Arr2d'\043_Arr2d'.vcxproj", "{EE3175FB-6C11-4268-85DE-48F075E19126}"
EndProject
Project("{8BC9CEB8-8B4A-11D0-8D11-00A0C91BC942}") = "044_member", "044_member\044_member.vcxproj", "{E3547A0B-C546-4375-885D-587C2159214B}"
EndProject
Project("{8BC9CEB8-8B4A-11D0-8D11-00A0C91BC942}") = "045_NameSpace", "045_NameSpace\045_NameSpace.vcxproj", "{5619C577-850C-43D2-AB8D-AAF857E440B4}"
EndProject
Project("{8BC9CEB8-8B4A-11D0-8D11-00A0C91BC942}") = "046_BytePadding", "046_BytePadding\046_BytePadding.vcxproj", "{62DC580C-E479-4C3C-9EFD-FA206536634B}"
EndProject
Project("{8BC9CEB8-8B4A-11D0-8D11-00A0C91BC942}") = "047_ClassConstructer", "047_ClassConstructer\047_ClassConstructer.vcxproj", "{CC6E9C46-5AB4-4A1D-A51B-448990299DAA}"
EndProject
Project("{8BC9CEB8-8B4A-11D0-8D11-00A0C91BC942}") = "048_This", "048_This\048_This.vcxproj", "{C47193F6-0DCD-465B-A78B-BD151EDAF3FB}"
EndProject
Project("{8BC9CEB8-8B4A-11D0-8D11-00A0C91BC942}") = "049_ClassObjectPointer", "049_ClassObjectPointer\049_ClassObjectPointer.vcxproj", "{A7BB227B-EF0B-4436-AF1C-489580FC25BB}"
EndProject
Project("{8BC9CEB8-8B4A-11D0-8D11-00A0C91BC942}") = "050_ClassOperator", "050_ClassOperator\050_ClassOperator.vcxproj", "{DFEAC0E3-0A07-4250-A7A2-4EA62532E0E7}"
EndProject
Project("{8BC9CEB8-8B4A-11D0-8D11-00A0C91BC942}") = "HomeWork0323", "HomeWork0323\HomeWork0323.vcxproj", "{EE3FC0F7-208C-4EA5-87B4-878FC18C50B8}"
EndProject
Global
	GlobalSection(SolutionConfigurationPlatforms) = preSolution
		Debug|x64 = Debug|x64
		Debug|x86 = Debug|x86
		Release|x64 = Release|x64
		Release|x86 = Release|x86
	EndGlobalSection
	GlobalSection(ProjectConfigurationPlatforms) = postSolution
		{877BAEC4-E369-4A78-A4F6-BF26F2685DD3}.Debug|x64.ActiveCfg = Debug|x64
		{877BAEC4-E369-4A78-A4F6-BF26F2685DD3}.Debug|x64.Build.0 = Debug|x64
		{877BAEC4-E369-4A78-A4F6-BF26F2685DD3}.Debug|x86.ActiveCfg = Debug|Win32
		{877BAEC4-E369-4A78-A4F6-BF26F2685DD3}.Debug|x86.Build.0 = Debug|Win32
		{877BAEC4-E369-4A78-A4F6-BF26F2685DD3}.Release|x64.ActiveCfg = Release|x64
		{877BAEC4-E369-4A78-A4F6-BF26F2685DD3}.Release|x64.Build.0 = Release|x64
		{877BAEC4-E369-4A78-A4F6-BF26F2685DD3}.Release|x86.ActiveCfg = Release|Win32
		{877BAEC4-E369-4A78-A4F6-BF26F2685DD3}.Release|x86.Build.0 = Release|Win32
		{828F4B58-85BA-459B-BA24-AFA701665FD6}.Debug|x64.ActiveCfg = Debug|x64
		{828F4B58-85BA-459B-BA24-AFA701665FD6}.Debug|x64.Build.0 = Debug|x64
		{828F4B58-85BA-459B-BA24-AFA701665FD6}.Debug|x86.ActiveCfg = Debug|Win32
		{828F4B58-85BA-459B-BA24-AFA701665FD6}.Debug|x86.Build.0 = Debug|Win32
		{828F4B58-85BA-459B-BA24-AFA701665FD6}.Release|x64.ActiveCfg = Release|x64
		{828F4B58-85BA-459B-BA24-AFA701665FD6}.Release|x64.Build.0 = Release|x64
		{828F4B58-85BA-459B-BA24-AFA701665FD6}.Release|x86.ActiveCfg = Release|Win32
		{828F4B58-85BA-459B-BA24-AFA701665FD6}.Release|x86.Build.0 = Release|Win32
		{912E7108-DB99-4659-9053-F0EF3F056F75}.Debug|x64.ActiveCfg = Debug|x64
		{912E7108-DB99-4659-9053-F0EF3F056F75}.Debug|x64.Build.0 = Debug|x64
		{912E7108-DB99-4659-9053-F0EF3F056F75}.Debug|x86.ActiveCfg = Debug|Win32
		{912E7108-DB99-4659-9053-F0EF3F056F75}.Debug|x86.Build.0 = Debug|Win32
		{912E7108-DB99-4659-9053-F0EF3F056F75}.Release|x64.ActiveCfg = Release|x64
		{912E7108-DB99-4659-9053-F0EF3F056F75}.Release|x64.Build.0 = Release|x64
		{912E7108-DB99-4659-9053-F0EF3F056F75}.Release|x86.ActiveCfg = Release|Win32
		{912E7108-DB99-4659-9053-F0EF3F056F75}.Release|x86.Build.0 = Release|Win32
		{F84A60A6-0CDF-475A-80C6-79CD1075C816}.Debug|x64.ActiveCfg = Debug|x64
		{F84A60A6-0CDF-475A-80C6-79CD1075C816}.Debug|x64.Build.0 = Debug|x64
		{F84A60A6-0CDF-475A-80C6-79CD1075C816}.Debug|x86.ActiveCfg = Debug|Win32
		{F84A60A6-0CDF-475A-80C6-79CD1075C816}.Debug|x86.Build.0 = Debug|Win32
		{F84A60A6-0CDF-475A-80C6-79CD1075C816}.Release|x64.ActiveCfg = Release|x64
		{F84A60A6-0CDF-475A-80C6-79CD1075C816}.Release|x64.Build.0 = Release|x64
		{F84A60A6-0CDF-475A-80C6-79CD1075C816}.Release|x86.ActiveCfg = Release|Win32
		{F84A60A6-0CDF-475A-80C6-79CD1075C816}.Release|x86.Build.0 = Release|Win32
		{1CFA0C78-6D22-4E0F-B4D7-37A989BE6A52}.Debug|x64.ActiveCfg = Debug|x64
		{1CFA0C78-6D22-4E0F-B4D7-37A989BE6A52}.Debug|x64.Build.0 = Debug|x64
		{1CFA0C78-6D22-4E0F-B4D7-37A989BE6A52}.Debug|x86.ActiveCfg = Debug|Win32
		{1CFA0C78-6D22-4E0F-B4D7-37A989BE6A52}.Debug|x86.Build.0 = Debug|Win32
		{1CFA0C78-6D22-4E0F-B4D7-37A989BE6A52}.Release|x64.ActiveCfg = Release|x64
		{1CFA0C78-6D22-4E0F-B4D7-37A989BE6A52}.Release|x64.Build.0 = Release|x64
		{1CFA0C78-6D22-4E0F-B4D7-37A989BE6A52}.Release|x86.ActiveCfg = Release|Win32
		{1CFA0C78-6D22-4E0F-B4D7-37A989BE6A52}.Release|x86.Build.0 = Release|Win32
		{818CE181-3F4D-4169-82D6-FDAF3BA70711}.Debug|x64.ActiveCfg = Debug|x64
		{818CE181-3F4D-4169-82D6-FDAF3BA70711}.Debug|x64.Build.0 = Debug|x64
		{818CE181-3F4D-4169-82D6-FDAF3BA70711}.Debug|x86.ActiveCfg = Debug|Win32
		{818CE181-3F4D-4169-82D6-FDAF3BA70711}.Debug|x86.Build.0 = Debug|Win32
		{818CE181-3F4D-4169-82D6-FDAF3BA70711}.Release|x64.ActiveCfg = Release|x64
		{818CE181-3F4D-4169-82D6-FDAF3BA70711}.Release|x64.Build.0 = Release|x64
		{818CE181-3F4D-4169-82D6-FDAF3BA70711}.Release|x86.ActiveCfg = Release|Win32
		{818CE181-3F4D-4169-82D6-FDAF3BA70711}.Release|x86.Build.0 = Release|Win32
		{6509A367-2DF0-4423-99EF-848DEE65638C}.Debug|x64.ActiveCfg = Debug|x64
		{6509A367-2DF0-4423-99EF-848DEE65638C}.Debug|x64.Build.0 = Debug|x64
		{6509A367-2DF0-4423-99EF-848DEE65638C}.Debug|x86.ActiveCfg = Debug|Win32
		{6509A367-2DF0-4423-99EF-848DEE65638C}.Debug|x86.Build.0 = Debug|Win32
		{6509A367-2DF0-4423-99EF-848DEE65638C}.Release|x64.ActiveCfg = Release|x64
		{6509A367-2DF0-4423-99EF-848DEE65638C}.Release|x64.Build.0 = Release|x64
		{6509A367-2DF0-4423-99EF-848DEE65638C}.Release|x86.ActiveCfg = Release|Win32
		{6509A367-2DF0-4423-99EF-848DEE65638C}.Release|x86.Build.0 = Release|Win32
		{026D316D-90FB-4C9E-9836-7C0CCF529A36}.Debug|x64.ActiveCfg = Debug|x64
		{026D316D-90FB-4C9E-9836-7C0CCF529A36}.Debug|x64.Build.0 = Debug|x64
		{026D316D-90FB-4C9E-9836-7C0CCF529A36}.Debug|x86.ActiveCfg = Debug|Win32
		{026D316D-90FB-4C9E-9836-7C0CCF529A36}.Debug|x86.Build.0 = Debug|Win32
		{026D316D-90FB-4C9E-9836-7C0CCF529A36}.Release|x64.ActiveCfg = Release|x64
		{026D316D-90FB-4C9E-9836-7C0CCF529A36}.Release|x64.Build.0 = Release|x64
		{026D316D-90FB-4C9E-9836-7C0CCF529A36}.Release|x86.ActiveCfg = Release|Win32
		{026D316D-90FB-4C9E-9836-7C0CCF529A36}.Release|x86.Build.0 = Release|Win32
		{76DB9076-40C5-4A6A-9DCF-C5D77409E7F0}.Debug|x64.ActiveCfg = Debug|x64
		{76DB9076-40C5-4A6A-9DCF-C5D77409E7F0}.Debug|x64.Build.0 = Debug|x64
		{76DB9076-40C5-4A6A-9DCF-C5D77409E7F0}.Debug|x86.ActiveCfg = Debug|Win32
		{76DB9076-40C5-4A6A-9DCF-C5D77409E7F0}.Debug|x86.Build.0 = Debug|Win32
		{76DB9076-40C5-4A6A-9DCF-C5D77409E7F0}.Release|x64.ActiveCfg = Release|x64
		{76DB9076-40C5-4A6A-9DCF-C5D77409E7F0}.Release|x64.Build.0 = Release|x64
		{76DB9076-40C5-4A6A-9DCF-C5D77409E7F0}.Release|x86.ActiveCfg = Release|Win32
		{76DB9076-40C5-4A6A-9DCF-C5D77409E7F0}.Release|x86.Build.0 = Release|Win32
		{97307C43-34DB-4C81-ADC6-4CFBFC370D23}.Debug|x64.ActiveCfg = Debug|x64
		{97307C43-34DB-4C81-ADC6-4CFBFC370D23}.Debug|x64.Build.0 = Debug|x64
		{97307C43-34DB-4C81-ADC6-4CFBFC370D23}.Debug|x86.ActiveCfg = Debug|Win32
		{97307C43-34DB-4C81-ADC6-4CFBFC370D23}.Debug|x86.Build.0 = Debug|Win32
		{97307C43-34DB-4C81-ADC6-4CFBFC370D23}.Release|x64.ActiveCfg = Release|x64
		{97307C43-34DB-4C81-ADC6-4CFBFC370D23}.Release|x64.Build.0 = Release|x64
		{97307C43-34DB-4C81-ADC6-4CFBFC370D23}.Release|x86.ActiveCfg = Release|Win32
		{97307C43-34DB-4C81-ADC6-4CFBFC370D23}.Release|x86.Build.0 = Release|Win32
		{20E86AEA-CE85-450F-B532-759D1B51B21E}.Debug|x64.ActiveCfg = Debug|x64
		{20E86AEA-CE85-450F-B532-759D1B51B21E}.Debug|x64.Build.0 = Debug|x64
		{20E86AEA-CE85-450F-B532-759D1B51B21E}.Debug|x86.ActiveCfg = Debug|Win32
		{20E86AEA-CE85-450F-B532-759D1B51B21E}.Debug|x86.Build.0 = Debug|Win32
		{20E86AEA-CE85-450F-B532-759D1B51B21E}.Release|x64.ActiveCfg = Release|x64
		{20E86AEA-CE85-450F-B532-759D1B51B21E}.Release|x64.Build.0 = Release|x64
		{20E86AEA-CE85-450F-B532-759D1B51B21E}.Release|x86.ActiveCfg = Release|Win32
		{20E86AEA-CE85-450F-B532-759D1B51B21E}.Release|x86.Build.0 = Release|Win32
		{2183BE3A-91AA-4771-BD8C-D3B7F02B8E31}.Debug|x64.ActiveCfg = Debug|x64
		{2183BE3A-91AA-4771-BD8C-D3B7F02B8E31}.Debug|x64.Build.0 = Debug|x64
		{2183BE3A-91AA-4771-BD8C-D3B7F02B8E31}.Debug|x86.ActiveCfg = Debug|Win32
		{2183BE3A-91AA-4771-BD8C-D3B7F02B8E31}.Debug|x86.Build.0 = Debug|Win32
		{2183BE3A-91AA-4771-BD8C-D3B7F02B8E31}.Release|x64.ActiveCfg = Release|x64
		{2183BE3A-91AA-4771-BD8C-D3B7F02B8E31}.Release|x64.Build.0 = Release|x64
		{2183BE3A-91AA-4771-BD8C-D3B7F02B8E31}.Release|x86.ActiveCfg = Release|Win32
		{2183BE3A-91AA-4771-BD8C-D3B7F02B8E31}.Release|x86.Build.0 = Release|Win32
		{98D4B7DD-21C5-4469-B335-454ADEA3EBBB}.Debug|x64.ActiveCfg = Debug|x64
		{98D4B7DD-21C5-4469-B335-454ADEA3EBBB}.Debug|x64.Build.0 = Debug|x64
		{98D4B7DD-21C5-4469-B335-454ADEA3EBBB}.Debug|x86.ActiveCfg = Debug|Win32
		{98D4B7DD-21C5-4469-B335-454ADEA3EBBB}.Debug|x86.Build.0 = Debug|Win32
		{98D4B7DD-21C5-4469-B335-454ADEA3EBBB}.Release|x64.ActiveCfg = Release|x64
		{98D4B7DD-21C5-4469-B335-454ADEA3EBBB}.Release|x64.Build.0 = Release|x64
		{98D4B7DD-21C5-4469-B335-454ADEA3EBBB}.Release|x86.ActiveCfg = Release|Win32
		{98D4B7DD-21C5-4469-B335-454ADEA3EBBB}.Release|x86.Build.0 = Release|Win32
		{D622B1D8-2C22-481E-A9C0-BC5811D3BBC6}.Debug|x64.ActiveCfg = Debug|x64
		{D622B1D8-2C22-481E-A9C0-BC5811D3BBC6}.Debug|x64.Build.0 = Debug|x64
		{D622B1D8-2C22-481E-A9C0-BC5811D3BBC6}.Debug|x86.ActiveCfg = Debug|Win32
		{D622B1D8-2C22-481E-A9C0-BC5811D3BBC6}.Debug|x86.Build.0 = Debug|Win32
		{D622B1D8-2C22-481E-A9C0-BC5811D3BBC6}.Release|x64.ActiveCfg = Release|x64
		{D622B1D8-2C22-481E-A9C0-BC5811D3BBC6}.Release|x64.Build.0 = Release|x64
		{D622B1D8-2C22-481E-A9C0-BC5811D3BBC6}.Release|x86.ActiveCfg = Release|Win32
		{D622B1D8-2C22-481E-A9C0-BC5811D3BBC6}.Release|x86.Build.0 = Release|Win32
		{B9461D35-5817-45F9-8EA5-371D33CC72E0}.Debug|x64.ActiveCfg = Debug|x64
		{B9461D35-5817-45F9-8EA5-371D33CC72E0}.Debug|x64.Build.0 = Debug|x64
		{B9461D35-5817-45F9-8EA5-371D33CC72E0}.Debug|x86.ActiveCfg = Debug|Win32
		{B9461D35-5817-45F9-8EA5-371D33CC72E0}.Debug|x86.Build.0 = Debug|Win32
		{B9461D35-5817-45F9-8EA5-371D33CC72E0}.Release|x64.ActiveCfg = Release|x64
		{B9461D35-5817-45F9-8EA5-371D33CC72E0}.Release|x64.Build.0 = Release|x64
		{B9461D35-5817-45F9-8EA5-371D33CC72E0}.Release|x86.ActiveCfg = Release|Win32
		{B9461D35-5817-45F9-8EA5-371D33CC72E0}.Release|x86.Build.0 = Release|Win32
		{C933B67E-B33C-4D6F-A8D2-BE2783A05231}.Debug|x64.ActiveCfg = Debug|x64
		{C933B67E-B33C-4D6F-A8D2-BE2783A05231}.Debug|x64.Build.0 = Debug|x64
		{C933B67E-B33C-4D6F-A8D2-BE2783A05231}.Debug|x86.ActiveCfg = Debug|Win32
		{C933B67E-B33C-4D6F-A8D2-BE2783A05231}.Debug|x86.Build.0 = Debug|Win32
		{C933B67E-B33C-4D6F-A8D2-BE2783A05231}.Release|x64.ActiveCfg = Release|x64
		{C933B67E-B33C-4D6F-A8D2-BE2783A05231}.Release|x64.Build.0 = Release|x64
		{C933B67E-B33C-4D6F-A8D2-BE2783A05231}.Release|x86.ActiveCfg = Release|Win32
		{C933B67E-B33C-4D6F-A8D2-BE2783A05231}.Release|x86.Build.0 = Release|Win32
		{6D0E7CD2-408C-4D88-BF40-7875AA1714DF}.Debug|x64.ActiveCfg = Debug|x64
		{6D0E7CD2-408C-4D88-BF40-7875AA1714DF}.Debug|x64.Build.0 = Debug|x64
		{6D0E7CD2-408C-4D88-BF40-7875AA1714DF}.Debug|x86.ActiveCfg = Debug|Win32
		{6D0E7CD2-408C-4D88-BF40-7875AA1714DF}.Debug|x86.Build.0 = Debug|Win32
		{6D0E7CD2-408C-4D88-BF40-7875AA1714DF}.Release|x64.ActiveCfg = Release|x64
		{6D0E7CD2-408C-4D88-BF40-7875AA1714DF}.Release|x64.Build.0 = Release|x64
		{6D0E7CD2-408C-4D88-BF40-7875AA1714DF}.Release|x86.ActiveCfg = Release|Win32
		{6D0E7CD2-408C-4D88-BF40-7875AA1714DF}.Release|x86.Build.0 = Release|Win32
		{17081DB9-AC66-4D6D-B33E-18A5034E4560}.Debug|x64.ActiveCfg = Debug|x64
		{17081DB9-AC66-4D6D-B33E-18A5034E4560}.Debug|x64.Build.0 = Debug|x64
		{17081DB9-AC66-4D6D-B33E-18A5034E4560}.Debug|x86.ActiveCfg = Debug|Win32
		{17081DB9-AC66-4D6D-B33E-18A5034E4560}.Debug|x86.Build.0 = Debug|Win32
		{17081DB9-AC66-4D6D-B33E-18A5034E4560}.Release|x64.ActiveCfg = Release|x64
		{17081DB9-AC66-4D6D-B33E-18A5034E4560}.Release|x64.Build.0 = Release|x64
		{17081DB9-AC66-4D6D-B33E-18A5034E4560}.Release|x86.ActiveCfg = Release|Win32
		{17081DB9-AC66-4D6D-B33E-18A5034E4560}.Release|x86.Build.0 = Release|Win32
		{DEF1AC67-B8B6-4B74-8D44-EA3589BDB269}.Debug|x64.ActiveCfg = Debug|x64
		{DEF1AC67-B8B6-4B74-8D44-EA3589BDB269}.Debug|x64.Build.0 = Debug|x64
		{DEF1AC67-B8B6-4B74-8D44-EA3589BDB269}.Debug|x86.ActiveCfg = Debug|Win32
		{DEF1AC67-B8B6-4B74-8D44-EA3589BDB269}.Debug|x86.Build.0 = Debug|Win32
		{DEF1AC67-B8B6-4B74-8D44-EA3589BDB269}.Release|x64.ActiveCfg = Release|x64
		{DEF1AC67-B8B6-4B74-8D44-EA3589BDB269}.Release|x64.Build.0 = Release|x64
		{DEF1AC67-B8B6-4B74-8D44-EA3589BDB269}.Release|x86.ActiveCfg = Release|Win32
		{DEF1AC67-B8B6-4B74-8D44-EA3589BDB269}.Release|x86.Build.0 = Release|Win32
		{CAAB67D0-779F-4844-94BA-22DBE76059C1}.Debug|x64.ActiveCfg = Debug|x64
		{CAAB67D0-779F-4844-94BA-22DBE76059C1}.Debug|x64.Build.0 = Debug|x64
		{CAAB67D0-779F-4844-94BA-22DBE76059C1}.Debug|x86.ActiveCfg = Debug|Win32
		{CAAB67D0-779F-4844-94BA-22DBE76059C1}.Debug|x86.Build.0 = Debug|Win32
		{CAAB67D0-779F-4844-94BA-22DBE76059C1}.Release|x64.ActiveCfg = Release|x64
		{CAAB67D0-779F-4844-94BA-22DBE76059C1}.Release|x64.Build.0 = Release|x64
		{CAAB67D0-779F-4844-94BA-22DBE76059C1}.Release|x86.ActiveCfg = Release|Win32
		{CAAB67D0-779F-4844-94BA-22DBE76059C1}.Release|x86.Build.0 = Release|Win32
		{268EE368-F5A7-44C2-B360-332B9D918E58}.Debug|x64.ActiveCfg = Debug|x64
		{268EE368-F5A7-44C2-B360-332B9D918E58}.Debug|x64.Build.0 = Debug|x64
		{268EE368-F5A7-44C2-B360-332B9D918E58}.Debug|x86.ActiveCfg = Debug|Win32
		{268EE368-F5A7-44C2-B360-332B9D918E58}.Debug|x86.Build.0 = Debug|Win32
		{268EE368-F5A7-44C2-B360-332B9D918E58}.Release|x64.ActiveCfg = Release|x64
		{268EE368-F5A7-44C2-B360-332B9D918E58}.Release|x64.Build.0 = Release|x64
		{268EE368-F5A7-44C2-B360-332B9D918E58}.Release|x86.ActiveCfg = Release|Win32
		{268EE368-F5A7-44C2-B360-332B9D918E58}.Release|x86.Build.0 = Release|Win32
		{D8029EBF-2FBF-4377-8A7D-4A426DC3C68D}.Debug|x64.ActiveCfg = Debug|x64
		{D8029EBF-2FBF-4377-8A7D-4A426DC3C68D}.Debug|x64.Build.0 = Debug|x64
		{D8029EBF-2FBF-4377-8A7D-4A426DC3C68D}.Debug|x86.ActiveCfg = Debug|Win32
		{D8029EBF-2FBF-4377-8A7D-4A426DC3C68D}.Debug|x86.Build.0 = Debug|Win32
		{D8029EBF-2FBF-4377-8A7D-4A426DC3C68D}.Release|x64.ActiveCfg = Release|x64
		{D8029EBF-2FBF-4377-8A7D-4A426DC3C68D}.Release|x64.Build.0 = Release|x64
		{D8029EBF-2FBF-4377-8A7D-4A426DC3C68D}.Release|x86.ActiveCfg = Release|Win32
		{D8029EBF-2FBF-4377-8A7D-4A426DC3C68D}.Release|x86.Build.0 = Release|Win32
		{EF306348-6DAF-4367-8D12-27A0E398892C}.Debug|x64.ActiveCfg = Debug|x64
		{EF306348-6DAF-4367-8D12-27A0E398892C}.Debug|x64.Build.0 = Debug|x64
		{EF306348-6DAF-4367-8D12-27A0E398892C}.Debug|x86.ActiveCfg = Debug|Win32
		{EF306348-6DAF-4367-8D12-27A0E398892C}.Debug|x86.Build.0 = Debug|Win32
		{EF306348-6DAF-4367-8D12-27A0E398892C}.Release|x64.ActiveCfg = Release|x64
		{EF306348-6DAF-4367-8D12-27A0E398892C}.Release|x64.Build.0 = Release|x64
		{EF306348-6DAF-4367-8D12-27A0E398892C}.Release|x86.ActiveCfg = Release|Win32
		{EF306348-6DAF-4367-8D12-27A0E398892C}.Release|x86.Build.0 = Release|Win32
		{92A5B709-FB9B-4EF4-8F8F-C96FEA8D5D53}.Debug|x64.ActiveCfg = Debug|x64
		{92A5B709-FB9B-4EF4-8F8F-C96FEA8D5D53}.Debug|x64.Build.0 = Debug|x64
		{92A5B709-FB9B-4EF4-8F8F-C96FEA8D5D53}.Debug|x86.ActiveCfg = Debug|Win32
		{92A5B709-FB9B-4EF4-8F8F-C96FEA8D5D53}.Debug|x86.Build.0 = Debug|Win32
		{92A5B709-FB9B-4EF4-8F8F-C96FEA8D5D53}.Release|x64.ActiveCfg = Release|x64
		{92A5B709-FB9B-4EF4-8F8F-C96FEA8D5D53}.Release|x64.Build.0 = Release|x64
		{92A5B709-FB9B-4EF4-8F8F-C96FEA8D5D53}.Release|x86.ActiveCfg = Release|Win32
		{92A5B709-FB9B-4EF4-8F8F-C96FEA8D5D53}.Release|x86.Build.0 = Release|Win32
		{B1C26752-182B-46FA-B3EC-41FB423999E2}.Debug|x64.ActiveCfg = Debug|x64
		{B1C26752-182B-46FA-B3EC-41FB423999E2}.Debug|x64.Build.0 = Debug|x64
		{B1C26752-182B-46FA-B3EC-41FB423999E2}.Debug|x86.ActiveCfg = Debug|Win32
		{B1C26752-182B-46FA-B3EC-41FB423999E2}.Debug|x86.Build.0 = Debug|Win32
		{B1C26752-182B-46FA-B3EC-41FB423999E2}.Release|x64.ActiveCfg = Release|x64
		{B1C26752-182B-46FA-B3EC-41FB423999E2}.Release|x64.Build.0 = Release|x64
		{B1C26752-182B-46FA-B3EC-41FB423999E2}.Release|x86.ActiveCfg = Release|Win32
		{B1C26752-182B-46FA-B3EC-41FB423999E2}.Release|x86.Build.0 = Release|Win32
		{BEDFE7B0-B177-41C2-8009-B1C4B3F5321A}.Debug|x64.ActiveCfg = Debug|x64
		{BEDFE7B0-B177-41C2-8009-B1C4B3F5321A}.Debug|x64.Build.0 = Debug|x64
		{BEDFE7B0-B177-41C2-8009-B1C4B3F5321A}.Debug|x86.ActiveCfg = Debug|Win32
		{BEDFE7B0-B177-41C2-8009-B1C4B3F5321A}.Debug|x86.Build.0 = Debug|Win32
		{BEDFE7B0-B177-41C2-8009-B1C4B3F5321A}.Release|x64.ActiveCfg = Release|x64
		{BEDFE7B0-B177-41C2-8009-B1C4B3F5321A}.Release|x64.Build.0 = Release|x64
		{BEDFE7B0-B177-41C2-8009-B1C4B3F5321A}.Release|x86.ActiveCfg = Release|Win32
		{BEDFE7B0-B177-41C2-8009-B1C4B3F5321A}.Release|x86.Build.0 = Release|Win32
		{AD915C9F-5F75-4915-B9FA-077B9CBA1CAC}.Debug|x64.ActiveCfg = Debug|x64
		{AD915C9F-5F75-4915-B9FA-077B9CBA1CAC}.Debug|x64.Build.0 = Debug|x64
		{AD915C9F-5F75-4915-B9FA-077B9CBA1CAC}.Debug|x86.ActiveCfg = Debug|Win32
		{AD915C9F-5F75-4915-B9FA-077B9CBA1CAC}.Debug|x86.Build.0 = Debug|Win32
		{AD915C9F-5F75-4915-B9FA-077B9CBA1CAC}.Release|x64.ActiveCfg = Release|x64
		{AD915C9F-5F75-4915-B9FA-077B9CBA1CAC}.Release|x64.Build.0 = Release|x64
		{AD915C9F-5F75-4915-B9FA-077B9CBA1CAC}.Release|x86.ActiveCfg = Release|Win32
		{AD915C9F-5F75-4915-B9FA-077B9CBA1CAC}.Release|x86.Build.0 = Release|Win32
		{A6A9E795-D539-4864-AB28-0C5CBB55FC5D}.Debug|x64.ActiveCfg = Debug|x64
		{A6A9E795-D539-4864-AB28-0C5CBB55FC5D}.Debug|x64.Build.0 = Debug|x64
		{A6A9E795-D539-4864-AB28-0C5CBB55FC5D}.Debug|x86.ActiveCfg = Debug|Win32
		{A6A9E795-D539-4864-AB28-0C5CBB55FC5D}.Debug|x86.Build.0 = Debug|Win32
		{A6A9E795-D539-4864-AB28-0C5CBB55FC5D}.Release|x64.ActiveCfg = Release|x64
		{A6A9E795-D539-4864-AB28-0C5CBB55FC5D}.Release|x64.Build.0 = Release|x64
		{A6A9E795-D539-4864-AB28-0C5CBB55FC5D}.Release|x86.ActiveCfg = Release|Win32
		{A6A9E795-D539-4864-AB28-0C5CBB55FC5D}.Release|x86.Build.0 = Release|Win32
		{21897A6E-6833-4683-A8E5-07719A144630}.Debug|x64.ActiveCfg = Debug|x64
		{21897A6E-6833-4683-A8E5-07719A144630}.Debug|x64.Build.0 = Debug|x64
		{21897A6E-6833-4683-A8E5-07719A144630}.Debug|x86.ActiveCfg = Debug|Win32
		{21897A6E-6833-4683-A8E5-07719A144630}.Debug|x86.Build.0 = Debug|Win32
		{21897A6E-6833-4683-A8E5-07719A144630}.Release|x64.ActiveCfg = Release|x64
		{21897A6E-6833-4683-A8E5-07719A144630}.Release|x64.Build.0 = Release|x64
		{21897A6E-6833-4683-A8E5-07719A144630}.Release|x86.ActiveCfg = Release|Win32
		{21897A6E-6833-4683-A8E5-07719A144630}.Release|x86.Build.0 = Release|Win32
		{782814D1-93BA-42D7-BC9B-CD9EB3505FEB}.Debug|x64.ActiveCfg = Debug|x64
		{782814D1-93BA-42D7-BC9B-CD9EB3505FEB}.Debug|x64.Build.0 = Debug|x64
		{782814D1-93BA-42D7-BC9B-CD9EB3505FEB}.Debug|x86.ActiveCfg = Debug|Win32
		{782814D1-93BA-42D7-BC9B-CD9EB3505FEB}.Debug|x86.Build.0 = Debug|Win32
		{782814D1-93BA-42D7-BC9B-CD9EB3505FEB}.Release|x64.ActiveCfg = Release|x64
		{782814D1-93BA-42D7-BC9B-CD9EB3505FEB}.Release|x64.Build.0 = Release|x64
		{782814D1-93BA-42D7-BC9B-CD9EB3505FEB}.Release|x86.ActiveCfg = Release|Win32
		{782814D1-93BA-42D7-BC9B-CD9EB3505FEB}.Release|x86.Build.0 = Release|Win32
		{E511C1D4-6B42-434F-823F-64003FD950E7}.Debug|x64.ActiveCfg = Debug|x64
		{E511C1D4-6B42-434F-823F-64003FD950E7}.Debug|x64.Build.0 = Debug|x64
		{E511C1D4-6B42-434F-823F-64003FD950E7}.Debug|x86.ActiveCfg = Debug|Win32
		{E511C1D4-6B42-434F-823F-64003FD950E7}.Debug|x86.Build.0 = Debug|Win32
		{E511C1D4-6B42-434F-823F-64003FD950E7}.Release|x64.ActiveCfg = Release|x64
		{E511C1D4-6B42-434F-823F-64003FD950E7}.Release|x64.Build.0 = Release|x64
		{E511C1D4-6B42-434F-823F-64003FD950E7}.Release|x86.ActiveCfg = Release|Win32
		{E511C1D4-6B42-434F-823F-64003FD950E7}.Release|x86.Build.0 = Release|Win32
		{D109EE91-AEF7-4303-8B07-D2AA7BCD35B9}.Debug|x64.ActiveCfg = Debug|x64
		{D109EE91-AEF7-4303-8B07-D2AA7BCD35B9}.Debug|x64.Build.0 = Debug|x64
		{D109EE91-AEF7-4303-8B07-D2AA7BCD35B9}.Debug|x86.ActiveCfg = Debug|Win32
		{D109EE91-AEF7-4303-8B07-D2AA7BCD35B9}.Debug|x86.Build.0 = Debug|Win32
		{D109EE91-AEF7-4303-8B07-D2AA7BCD35B9}.Release|x64.ActiveCfg = Release|x64
		{D109EE91-AEF7-4303-8B07-D2AA7BCD35B9}.Release|x64.Build.0 = Release|x64
		{D109EE91-AEF7-4303-8B07-D2AA7BCD35B9}.Release|x86.ActiveCfg = Release|Win32
		{D109EE91-AEF7-4303-8B07-D2AA7BCD35B9}.Release|x86.Build.0 = Release|Win32
		{F5593905-7CC6-4556-B19D-D599FF71A91D}.Debug|x64.ActiveCfg = Debug|x64
		{F5593905-7CC6-4556-B19D-D599FF71A91D}.Debug|x64.Build.0 = Debug|x64
		{F5593905-7CC6-4556-B19D-D599FF71A91D}.Debug|x86.ActiveCfg = Debug|Win32
		{F5593905-7CC6-4556-B19D-D599FF71A91D}.Debug|x86.Build.0 = Debug|Win32
		{F5593905-7CC6-4556-B19D-D599FF71A91D}.Release|x64.ActiveCfg = Release|x64
		{F5593905-7CC6-4556-B19D-D599FF71A91D}.Release|x64.Build.0 = Release|x64
		{F5593905-7CC6-4556-B19D-D599FF71A91D}.Release|x86.ActiveCfg = Release|Win32
		{F5593905-7CC6-4556-B19D-D599FF71A91D}.Release|x86.Build.0 = Release|Win32
		{80045A09-9CEF-4144-B67F-65C517D7FC98}.Debug|x64.ActiveCfg = Debug|x64
		{80045A09-9CEF-4144-B67F-65C517D7FC98}.Debug|x64.Build.0 = Debug|x64
		{80045A09-9CEF-4144-B67F-65C517D7FC98}.Debug|x86.ActiveCfg = Debug|Win32
		{80045A09-9CEF-4144-B67F-65C517D7FC98}.Debug|x86.Build.0 = Debug|Win32
		{80045A09-9CEF-4144-B67F-65C517D7FC98}.Release|x64.ActiveCfg = Release|x64
		{80045A09-9CEF-4144-B67F-65C517D7FC98}.Release|x64.Build.0 = Release|x64
		{80045A09-9CEF-4144-B67F-65C517D7FC98}.Release|x86.ActiveCfg = Release|Win32
		{80045A09-9CEF-4144-B67F-65C517D7FC98}.Release|x86.Build.0 = Release|Win32
		{6BCFDEAB-AFCD-4E5F-A916-7BA9F0609C24}.Debug|x64.ActiveCfg = Debug|x64
		{6BCFDEAB-AFCD-4E5F-A916-7BA9F0609C24}.Debug|x64.Build.0 = Debug|x64
		{6BCFDEAB-AFCD-4E5F-A916-7BA9F0609C24}.Debug|x86.ActiveCfg = Debug|Win32
		{6BCFDEAB-AFCD-4E5F-A916-7BA9F0609C24}.Debug|x86.Build.0 = Debug|Win32
		{6BCFDEAB-AFCD-4E5F-A916-7BA9F0609C24}.Release|x64.ActiveCfg = Release|x64
		{6BCFDEAB-AFCD-4E5F-A916-7BA9F0609C24}.Release|x64.Build.0 = Release|x64
		{6BCFDEAB-AFCD-4E5F-A916-7BA9F0609C24}.Release|x86.ActiveCfg = Release|Win32
		{6BCFDEAB-AFCD-4E5F-A916-7BA9F0609C24}.Release|x86.Build.0 = Release|Win32
		{8F6F8637-1648-455D-B034-AFDC8FE4C8CB}.Debug|x64.ActiveCfg = Debug|x64
		{8F6F8637-1648-455D-B034-AFDC8FE4C8CB}.Debug|x64.Build.0 = Debug|x64
		{8F6F8637-1648-455D-B034-AFDC8FE4C8CB}.Debug|x86.ActiveCfg = Debug|Win32
		{8F6F8637-1648-455D-B034-AFDC8FE4C8CB}.Debug|x86.Build.0 = Debug|Win32
		{8F6F8637-1648-455D-B034-AFDC8FE4C8CB}.Release|x64.ActiveCfg = Release|x64
		{8F6F8637-1648-455D-B034-AFDC8FE4C8CB}.Release|x64.Build.0 = Release|x64
		{8F6F8637-1648-455D-B034-AFDC8FE4C8CB}.Release|x86.ActiveCfg = Release|Win32
		{8F6F8637-1648-455D-B034-AFDC8FE4C8CB}.Release|x86.Build.0 = Release|Win32
		{3C73FEDA-605C-4B4C-93E6-C737BD00D05F}.Debug|x64.ActiveCfg = Debug|x64
		{3C73FEDA-605C-4B4C-93E6-C737BD00D05F}.Debug|x64.Build.0 = Debug|x64
		{3C73FEDA-605C-4B4C-93E6-C737BD00D05F}.Debug|x86.ActiveCfg = Debug|Win32
		{3C73FEDA-605C-4B4C-93E6-C737BD00D05F}.Debug|x86.Build.0 = Debug|Win32
		{3C73FEDA-605C-4B4C-93E6-C737BD00D05F}.Release|x64.ActiveCfg = Release|x64
		{3C73FEDA-605C-4B4C-93E6-C737BD00D05F}.Release|x64.Build.0 = Release|x64
		{3C73FEDA-605C-4B4C-93E6-C737BD00D05F}.Release|x86.ActiveCfg = Release|Win32
		{3C73FEDA-605C-4B4C-93E6-C737BD00D05F}.Release|x86.Build.0 = Release|Win32
		{E9BFD397-566F-43D2-BF65-106661C05579}.Debug|x64.ActiveCfg = Debug|x64
		{E9BFD397-566F-43D2-BF65-106661C05579}.Debug|x64.Build.0 = Debug|x64
		{E9BFD397-566F-43D2-BF65-106661C05579}.Debug|x86.ActiveCfg = Debug|Win32
		{E9BFD397-566F-43D2-BF65-106661C05579}.Debug|x86.Build.0 = Debug|Win32
		{E9BFD397-566F-43D2-BF65-106661C05579}.Release|x64.ActiveCfg = Release|x64
		{E9BFD397-566F-43D2-BF65-106661C05579}.Release|x64.Build.0 = Release|x64
		{E9BFD397-566F-43D2-BF65-106661C05579}.Release|x86.ActiveCfg = Release|Win32
		{E9BFD397-566F-43D2-BF65-106661C05579}.Release|x86.Build.0 = Release|Win32
		{6C4992EA-9E2F-4F04-9A6E-B8EC45D1BE13}.Debug|x64.ActiveCfg = Debug|x64
		{6C4992EA-9E2F-4F04-9A6E-B8EC45D1BE13}.Debug|x64.Build.0 = Debug|x64
		{6C4992EA-9E2F-4F04-9A6E-B8EC45D1BE13}.Debug|x86.ActiveCfg = Debug|Win32
		{6C4992EA-9E2F-4F04-9A6E-B8EC45D1BE13}.Debug|x86.Build.0 = Debug|Win32
		{6C4992EA-9E2F-4F04-9A6E-B8EC45D1BE13}.Release|x64.ActiveCfg = Release|x64
		{6C4992EA-9E2F-4F04-9A6E-B8EC45D1BE13}.Release|x64.Build.0 = Release|x64
		{6C4992EA-9E2F-4F04-9A6E-B8EC45D1BE13}.Release|x86.ActiveCfg = Release|Win32
		{6C4992EA-9E2F-4F04-9A6E-B8EC45D1BE13}.Release|x86.Build.0 = Release|Win32
		{F652CA22-20BE-4727-99C3-BAE9C152B06F}.Debug|x64.ActiveCfg = Debug|x64
		{F652CA22-20BE-4727-99C3-BAE9C152B06F}.Debug|x64.Build.0 = Debug|x64
		{F652CA22-20BE-4727-99C3-BAE9C152B06F}.Debug|x86.ActiveCfg = Debug|Win32
		{F652CA22-20BE-4727-99C3-BAE9C152B06F}.Debug|x86.Build.0 = Debug|Win32
		{F652CA22-20BE-4727-99C3-BAE9C152B06F}.Release|x64.ActiveCfg = Release|x64
		{F652CA22-20BE-4727-99C3-BAE9C152B06F}.Release|x64.Build.0 = Release|x64
		{F652CA22-20BE-4727-99C3-BAE9C152B06F}.Release|x86.ActiveCfg = Release|Win32
		{F652CA22-20BE-4727-99C3-BAE9C152B06F}.Release|x86.Build.0 = Release|Win32
		{D3F68CBA-76E2-4609-8496-786996519CE5}.Debug|x64.ActiveCfg = Debug|x64
		{D3F68CBA-76E2-4609-8496-786996519CE5}.Debug|x64.Build.0 = Debug|x64
		{D3F68CBA-76E2-4609-8496-786996519CE5}.Debug|x86.ActiveCfg = Debug|Win32
		{D3F68CBA-76E2-4609-8496-786996519CE5}.Debug|x86.Build.0 = Debug|Win32
		{D3F68CBA-76E2-4609-8496-786996519CE5}.Release|x64.ActiveCfg = Release|x64
		{D3F68CBA-76E2-4609-8496-786996519CE5}.Release|x64.Build.0 = Release|x64
		{D3F68CBA-76E2-4609-8496-786996519CE5}.Release|x86.ActiveCfg = Release|Win32
		{D3F68CBA-76E2-4609-8496-786996519CE5}.Release|x86.Build.0 = Release|Win32
		{A54F29F9-223E-4279-9D68-1FA26EC577FE}.Debug|x64.ActiveCfg = Debug|x64
		{A54F29F9-223E-4279-9D68-1FA26EC577FE}.Debug|x64.Build.0 = Debug|x64
		{A54F29F9-223E-4279-9D68-1FA26EC577FE}.Debug|x86.ActiveCfg = Debug|Win32
		{A54F29F9-223E-4279-9D68-1FA26EC577FE}.Debug|x86.Build.0 = Debug|Win32
		{A54F29F9-223E-4279-9D68-1FA26EC577FE}.Release|x64.ActiveCfg = Release|x64
		{A54F29F9-223E-4279-9D68-1FA26EC577FE}.Release|x64.Build.0 = Release|x64
		{A54F29F9-223E-4279-9D68-1FA26EC577FE}.Release|x86.ActiveCfg = Release|Win32
		{A54F29F9-223E-4279-9D68-1FA26EC577FE}.Release|x86.Build.0 = Release|Win32
		{3975C29E-8894-49D6-B9E6-88F5B20C5860}.Debug|x64.ActiveCfg = Debug|x64
		{3975C29E-8894-49D6-B9E6-88F5B20C5860}.Debug|x64.Build.0 = Debug|x64
		{3975C29E-8894-49D6-B9E6-88F5B20C5860}.Debug|x86.ActiveCfg = Debug|Win32
		{3975C29E-8894-49D6-B9E6-88F5B20C5860}.Debug|x86.Build.0 = Debug|Win32
		{3975C29E-8894-49D6-B9E6-88F5B20C5860}.Release|x64.ActiveCfg = Release|x64
		{3975C29E-8894-49D6-B9E6-88F5B20C5860}.Release|x64.Build.0 = Release|x64
		{3975C29E-8894-49D6-B9E6-88F5B20C5860}.Release|x86.ActiveCfg = Release|Win32
		{3975C29E-8894-49D6-B9E6-88F5B20C5860}.Release|x86.Build.0 = Release|Win32
		{EC009B18-6ACB-4F66-ADBB-98F9CB91493F}.Debug|x64.ActiveCfg = Debug|x64
		{EC009B18-6ACB-4F66-ADBB-98F9CB91493F}.Debug|x64.Build.0 = Debug|x64
		{EC009B18-6ACB-4F66-ADBB-98F9CB91493F}.Debug|x86.ActiveCfg = Debug|Win32
		{EC009B18-6ACB-4F66-ADBB-98F9CB91493F}.Debug|x86.Build.0 = Debug|Win32
		{EC009B18-6ACB-4F66-ADBB-98F9CB91493F}.Release|x64.ActiveCfg = Release|x64
		{EC009B18-6ACB-4F66-ADBB-98F9CB91493F}.Release|x64.Build.0 = Release|x64
		{EC009B18-6ACB-4F66-ADBB-98F9CB91493F}.Release|x86.ActiveCfg = Release|Win32
		{EC009B18-6ACB-4F66-ADBB-98F9CB91493F}.Release|x86.Build.0 = Release|Win32
		{922AD2CE-FF1E-4F37-8019-99DC41781EB0}.Debug|x64.ActiveCfg = Debug|x64
		{922AD2CE-FF1E-4F37-8019-99DC41781EB0}.Debug|x64.Build.0 = Debug|x64
		{922AD2CE-FF1E-4F37-8019-99DC41781EB0}.Debug|x86.ActiveCfg = Debug|Win32
		{922AD2CE-FF1E-4F37-8019-99DC41781EB0}.Debug|x86.Build.0 = Debug|Win32
		{922AD2CE-FF1E-4F37-8019-99DC41781EB0}.Release|x64.ActiveCfg = Release|x64
		{922AD2CE-FF1E-4F37-8019-99DC41781EB0}.Release|x64.Build.0 = Release|x64
		{922AD2CE-FF1E-4F37-8019-99DC41781EB0}.Release|x86.ActiveCfg = Release|Win32
		{922AD2CE-FF1E-4F37-8019-99DC41781EB0}.Release|x86.Build.0 = Release|Win32
		{BC32C433-FA3F-4B1F-808C-57248FB2C4A7}.Debug|x64.ActiveCfg = Debug|x64
		{BC32C433-FA3F-4B1F-808C-57248FB2C4A7}.Debug|x64.Build.0 = Debug|x64
		{BC32C433-FA3F-4B1F-808C-57248FB2C4A7}.Debug|x86.ActiveCfg = Debug|Win32
		{BC32C433-FA3F-4B1F-808C-57248FB2C4A7}.Debug|x86.Build.0 = Debug|Win32
		{BC32C433-FA3F-4B1F-808C-57248FB2C4A7}.Release|x64.ActiveCfg = Release|x64
		{BC32C433-FA3F-4B1F-808C-57248FB2C4A7}.Release|x64.Build.0 = Release|x64
		{BC32C433-FA3F-4B1F-808C-57248FB2C4A7}.Release|x86.ActiveCfg = Release|Win32
		{BC32C433-FA3F-4B1F-808C-57248FB2C4A7}.Release|x86.Build.0 = Release|Win32
		{ED7175C4-FC45-4A49-BF0D-F47532761079}.Debug|x64.ActiveCfg = Debug|x64
		{ED7175C4-FC45-4A49-BF0D-F47532761079}.Debug|x64.Build.0 = Debug|x64
		{ED7175C4-FC45-4A49-BF0D-F47532761079}.Debug|x86.ActiveCfg = Debug|Win32
		{ED7175C4-FC45-4A49-BF0D-F47532761079}.Debug|x86.Build.0 = Debug|Win32
		{ED7175C4-FC45-4A49-BF0D-F47532761079}.Release|x64.ActiveCfg = Release|x64
		{ED7175C4-FC45-4A49-BF0D-F47532761079}.Release|x64.Build.0 = Release|x64
		{ED7175C4-FC45-4A49-BF0D-F47532761079}.Release|x86.ActiveCfg = Release|Win32
		{ED7175C4-FC45-4A49-BF0D-F47532761079}.Release|x86.Build.0 = Release|Win32
		{230A8811-7B77-4178-9F5B-EBEB508C71C4}.Debug|x64.ActiveCfg = Debug|x64
		{230A8811-7B77-4178-9F5B-EBEB508C71C4}.Debug|x64.Build.0 = Debug|x64
		{230A8811-7B77-4178-9F5B-EBEB508C71C4}.Debug|x86.ActiveCfg = Debug|Win32
		{230A8811-7B77-4178-9F5B-EBEB508C71C4}.Debug|x86.Build.0 = Debug|Win32
		{230A8811-7B77-4178-9F5B-EBEB508C71C4}.Release|x64.ActiveCfg = Release|x64
		{230A8811-7B77-4178-9F5B-EBEB508C71C4}.Release|x64.Build.0 = Release|x64
		{230A8811-7B77-4178-9F5B-EBEB508C71C4}.Release|x86.ActiveCfg = Release|Win32
		{230A8811-7B77-4178-9F5B-EBEB508C71C4}.Release|x86.Build.0 = Release|Win32
		{EE3175FB-6C11-4268-85DE-48F075E19126}.Debug|x64.ActiveCfg = Debug|x64
		{EE3175FB-6C11-4268-85DE-48F075E19126}.Debug|x64.Build.0 = Debug|x64
		{EE3175FB-6C11-4268-85DE-48F075E19126}.Debug|x86.ActiveCfg = Debug|Win32
		{EE3175FB-6C11-4268-85DE-48F075E19126}.Debug|x86.Build.0 = Debug|Win32
		{EE3175FB-6C11-4268-85DE-48F075E19126}.Release|x64.ActiveCfg = Release|x64
		{EE3175FB-6C11-4268-85DE-48F075E19126}.Release|x64.Build.0 = Release|x64
		{EE3175FB-6C11-4268-85DE-48F075E19126}.Release|x86.ActiveCfg = Release|Win32
		{EE3175FB-6C11-4268-85DE-48F075E19126}.Release|x86.Build.0 = Release|Win32
		{E3547A0B-C546-4375-885D-587C2159214B}.Debug|x64.ActiveCfg = Debug|x64
		{E3547A0B-C546-4375-885D-587C2159214B}.Debug|x64.Build.0 = Debug|x64
		{E3547A0B-C546-4375-885D-587C2159214B}.Debug|x86.ActiveCfg = Debug|Win32
		{E3547A0B-C546-4375-885D-587C2159214B}.Debug|x86.Build.0 = Debug|Win32
		{E3547A0B-C546-4375-885D-587C2159214B}.Release|x64.ActiveCfg = Release|x64
		{E3547A0B-C546-4375-885D-587C2159214B}.Release|x64.Build.0 = Release|x64
		{E3547A0B-C546-4375-885D-587C2159214B}.Release|x86.ActiveCfg = Release|Win32
		{E3547A0B-C546-4375-885D-587C2159214B}.Release|x86.Build.0 = Release|Win32
		{5619C577-850C-43D2-AB8D-AAF857E440B4}.Debug|x64.ActiveCfg = Debug|x64
		{5619C577-850C-43D2-AB8D-AAF857E440B4}.Debug|x64.Build.0 = Debug|x64
		{5619C577-850C-43D2-AB8D-AAF857E440B4}.Debug|x86.ActiveCfg = Debug|Win32
		{5619C577-850C-43D2-AB8D-AAF857E440B4}.Debug|x86.Build.0 = Debug|Win32
		{5619C577-850C-43D2-AB8D-AAF857E440B4}.Release|x64.ActiveCfg = Release|x64
		{5619C577-850C-43D2-AB8D-AAF857E440B4}.Release|x64.Build.0 = Release|x64
		{5619C577-850C-43D2-AB8D-AAF857E440B4}.Release|x86.ActiveCfg = Release|Win32
		{5619C577-850C-43D2-AB8D-AAF857E440B4}.Release|x86.Build.0 = Release|Win32
		{62DC580C-E479-4C3C-9EFD-FA206536634B}.Debug|x64.ActiveCfg = Debug|x64
		{62DC580C-E479-4C3C-9EFD-FA206536634B}.Debug|x64.Build.0 = Debug|x64
		{62DC580C-E479-4C3C-9EFD-FA206536634B}.Debug|x86.ActiveCfg = Debug|Win32
		{62DC580C-E479-4C3C-9EFD-FA206536634B}.Debug|x86.Build.0 = Debug|Win32
		{62DC580C-E479-4C3C-9EFD-FA206536634B}.Release|x64.ActiveCfg = Release|x64
		{62DC580C-E479-4C3C-9EFD-FA206536634B}.Release|x64.Build.0 = Release|x64
		{62DC580C-E479-4C3C-9EFD-FA206536634B}.Release|x86.ActiveCfg = Release|Win32
		{62DC580C-E479-4C3C-9EFD-FA206536634B}.Release|x86.Build.0 = Release|Win32
		{CC6E9C46-5AB4-4A1D-A51B-448990299DAA}.Debug|x64.ActiveCfg = Debug|x64
		{CC6E9C46-5AB4-4A1D-A51B-448990299DAA}.Debug|x64.Build.0 = Debug|x64
		{CC6E9C46-5AB4-4A1D-A51B-448990299DAA}.Debug|x86.ActiveCfg = Debug|Win32
		{CC6E9C46-5AB4-4A1D-A51B-448990299DAA}.Debug|x86.Build.0 = Debug|Win32
		{CC6E9C46-5AB4-4A1D-A51B-448990299DAA}.Release|x64.ActiveCfg = Release|x64
		{CC6E9C46-5AB4-4A1D-A51B-448990299DAA}.Release|x64.Build.0 = Release|x64
		{CC6E9C46-5AB4-4A1D-A51B-448990299DAA}.Release|x86.ActiveCfg = Release|Win32
		{CC6E9C46-5AB4-4A1D-A51B-448990299DAA}.Release|x86.Build.0 = Release|Win32
		{C47193F6-0DCD-465B-A78B-BD151EDAF3FB}.Debug|x64.ActiveCfg = Debug|x64
		{C47193F6-0DCD-465B-A78B-BD151EDAF3FB}.Debug|x64.Build.0 = Debug|x64
		{C47193F6-0DCD-465B-A78B-BD151EDAF3FB}.Debug|x86.ActiveCfg = Debug|Win32
		{C47193F6-0DCD-465B-A78B-BD151EDAF3FB}.Debug|x86.Build.0 = Debug|Win32
		{C47193F6-0DCD-465B-A78B-BD151EDAF3FB}.Release|x64.ActiveCfg = Release|x64
		{C47193F6-0DCD-465B-A78B-BD151EDAF3FB}.Release|x64.Build.0 = Release|x64
		{C47193F6-0DCD-465B-A78B-BD151EDAF3FB}.Release|x86.ActiveCfg = Release|Win32
		{C47193F6-0DCD-465B-A78B-BD151EDAF3FB}.Release|x86.Build.0 = Release|Win32
		{A7BB227B-EF0B-4436-AF1C-489580FC25BB}.Debug|x64.ActiveCfg = Debug|x64
		{A7BB227B-EF0B-4436-AF1C-489580FC25BB}.Debug|x64.Build.0 = Debug|x64
		{A7BB227B-EF0B-4436-AF1C-489580FC25BB}.Debug|x86.ActiveCfg = Debug|Win32
		{A7BB227B-EF0B-4436-AF1C-489580FC25BB}.Debug|x86.Build.0 = Debug|Win32
		{A7BB227B-EF0B-4436-AF1C-489580FC25BB}.Release|x64.ActiveCfg = Release|x64
		{A7BB227B-EF0B-4436-AF1C-489580FC25BB}.Release|x64.Build.0 = Release|x64
		{A7BB227B-EF0B-4436-AF1C-489580FC25BB}.Release|x86.ActiveCfg = Release|Win32
		{A7BB227B-EF0B-4436-AF1C-489580FC25BB}.Release|x86.Build.0 = Release|Win32
		{DFEAC0E3-0A07-4250-A7A2-4EA62532E0E7}.Debug|x64.ActiveCfg = Debug|x64
		{DFEAC0E3-0A07-4250-A7A2-4EA62532E0E7}.Debug|x64.Build.0 = Debug|x64
		{DFEAC0E3-0A07-4250-A7A2-4EA62532E0E7}.Debug|x86.ActiveCfg = Debug|Win32
		{DFEAC0E3-0A07-4250-A7A2-4EA62532E0E7}.Debug|x86.Build.0 = Debug|Win32
		{DFEAC0E3-0A07-4250-A7A2-4EA62532E0E7}.Release|x64.ActiveCfg = Release|x64
		{DFEAC0E3-0A07-4250-A7A2-4EA62532E0E7}.Release|x64.Build.0 = Release|x64
		{DFEAC0E3-0A07-4250-A7A2-4EA62532E0E7}.Release|x86.ActiveCfg = Release|Win32
		{DFEAC0E3-0A07-4250-A7A2-4EA62532E0E7}.Release|x86.Build.0 = Release|Win32
		{EE3FC0F7-208C-4EA5-87B4-878FC18C50B8}.Debug|x64.ActiveCfg = Debug|x64
		{EE3FC0F7-208C-4EA5-87B4-878FC18C50B8}.Debug|x64.Build.0 = Debug|x64
		{EE3FC0F7-208C-4EA5-87B4-878FC18C50B8}.Debug|x86.ActiveCfg = Debug|Win32
		{EE3FC0F7-208C-4EA5-87B4-878FC18C50B8}.Debug|x86.Build.0 = Debug|Win32
		{EE3FC0F7-208C-4EA5-87B4-878FC18C50B8}.Release|x64.ActiveCfg = Release|x64
		{EE3FC0F7-208C-4EA5-87B4-878FC18C50B8}.Release|x64.Build.0 = Release|x64
		{EE3FC0F7-208C-4EA5-87B4-878FC18C50B8}.Release|x86.ActiveCfg = Release|Win32
		{EE3FC0F7-208C-4EA5-87B4-878FC18C50B8}.Release|x86.Build.0 = Release|Win32
	EndGlobalSection
	GlobalSection(SolutionProperties) = preSolution
		HideSolutionNode = FALSE
	EndGlobalSection
	GlobalSection(NestedProjects) = preSolution
		{80045A09-9CEF-4144-B67F-65C517D7FC98} = {40A4DC51-4F8F-4BBC-8A30-43EAD63C8E2E}
		{6BCFDEAB-AFCD-4E5F-A916-7BA9F0609C24} = {40A4DC51-4F8F-4BBC-8A30-43EAD63C8E2E}
		{8F6F8637-1648-455D-B034-AFDC8FE4C8CB} = {40A4DC51-4F8F-4BBC-8A30-43EAD63C8E2E}
		{3C73FEDA-605C-4B4C-93E6-C737BD00D05F} = {40A4DC51-4F8F-4BBC-8A30-43EAD63C8E2E}
		{ED7175C4-FC45-4A49-BF0D-F47532761079} = {40A4DC51-4F8F-4BBC-8A30-43EAD63C8E2E}
		{230A8811-7B77-4178-9F5B-EBEB508C71C4} = {40A4DC51-4F8F-4BBC-8A30-43EAD63C8E2E}
		{EE3FC0F7-208C-4EA5-87B4-878FC18C50B8} = {40A4DC51-4F8F-4BBC-8A30-43EAD63C8E2E}
	EndGlobalSection
	GlobalSection(ExtensibilityGlobals) = postSolution
		SolutionGuid = {93425AA6-7531-4F68-BD10-3D0E5DD8629B}
	EndGlobalSection
EndGlobal
