<?xml version="1.0" encoding="utf-8"?>
<Project ToolsVersion="4.0" xmlns="http://schemas.microsoft.com/developer/msbuild/2003">
  <ItemGroup>
    <ClCompile Include="HomeWork0330.cpp" />
    <ClCompile Include="ConsoleGameMath.cpp">
      <Filter>Level0</Filter>
    </ClCompile>
    <ClCompile Include="ConsoleGameScreen.cpp">
      <Filter>Level1</Filter>
    </ClCompile>
    <ClCompile Include="Bullet.cpp">
      <Filter>Level2</Filter>
    </ClCompile>
    <ClCompile Include="Player.cpp">
      <Filter>Level2</Filter>
    </ClCompile>
    <ClCompile Include="ShootingGame.cpp">
      <Filter>Level2</Filter>
    </ClCompile>
  </ItemGroup>
  <ItemGroup>
    <ClInclude Include="ConsoleGameMath.h">
      <Filter>Level0</Filter>
    </ClInclude>
    <ClInclude Include="ConsoleGameScreen.h">
      <Filter>Level1</Filter>
    </ClInclude>
    <ClInclude Include="Bullet.h">
      <Filter>Level2</Filter>
    </ClInclude>
    <ClInclude Include="Player.h">
      <Filter>Level2</Filter>
    </ClInclude>
    <ClInclude Include="ShootingGame.h">
      <Filter>Level2</Filter>
    </ClInclude>
  </ItemGroup>
  <ItemGroup>
    <Filter Include="Level0">
      <UniqueIdentifier>{ef919936-fc76-4e08-8553-40fb40f79302}</UniqueIdentifier>
    </Filter>
    <Filter Include="Level1">
      <UniqueIdentifier>{c989056b-6890-4784-a4f0-0c94bedd4800}</UniqueIdentifier>
    </Filter>
    <Filter Include="Level2">
      <UniqueIdentifier>{c4dd42ae-16e6-4c15-86b7-e8730de2396b}</UniqueIdentifier>
    </Filter>
  </ItemGroup>
</Project>